
Microsoft Visual Studio Solution File, Format Version 12.00
# Visual Studio 15
VisualStudioVersion = 15.0.27703.2042
MinimumVisualStudioVersion = 10.0.40219.1
Project("{FAE04EC0-301F-11D3-BF4B-00C04F79EFBC}") = "SayHelloLib", "SayHelloLib\SayHelloLib.csproj", "{0FA0FACB-E9E1-468C-B8FD-966F3A8A57DB}"
EndProject
Global
	GlobalSection(SolutionConfigurationPlatforms) = preSolution
		Debug|Any CPU = Debug|Any CPU
		Release|Any CPU = Release|Any CPU
	EndGlobalSection
	GlobalSection(ProjectConfigurationPlatforms) = postSolution
		{0FA0FACB-E9E1-468C-B8FD-966F3A8A57DB}.Debug|Any CPU.ActiveCfg = Debug|Any CPU
		{0FA0FACB-E9E1-468C-B8FD-966F3A8A57DB}.Debug|Any CPU.Build.0 = Debug|Any CPU
		{0FA0FACB-E9E1-468C-B8FD-966F3A8A57DB}.Release|Any CPU.ActiveCfg = Release|Any CPU
		{0FA0FACB-E9E1-468C-B8FD-966F3A8A57DB}.Release|Any CPU.Build.0 = Release|Any CPU
	EndGlobalSection
	GlobalSection(SolutionProperties) = preSolution
		HideSolutionNode = FALSE
	EndGlobalSection
	GlobalSection(ExtensibilityGlobals) = postSolution
		SolutionGuid = {26B6FF85-E085-41BE-9C29-475D28DE6B82}
	EndGlobalSection
EndGlobal
