
Microsoft Visual Studio Solution File, Format Version 12.00
# Visual Studio 15
VisualStudioVersion = 15.0.27703.2042
MinimumVisualStudioVersion = 10.0.40219.1
Project("{FAE04EC0-301F-11D3-BF4B-00C04F79EFBC}") = "Android_Hello", "Android_Hello\Android_Hello.csproj", "{B721F388-BCBF-444A-9506-7F0D1EDE4EF6}"
EndProject
Project("{FAE04EC0-301F-11D3-BF4B-00C04F79EFBC}") = "OpenWebpage", "OpenWebpage\OpenWebpage.csproj", "{86B170F3-BA28-471E-B90D-0B7ECBF8B249}"
EndProject
Global
	GlobalSection(SolutionConfigurationPlatforms) = preSolution
		Debug|Any CPU = Debug|Any CPU
		Release|Any CPU = Release|Any CPU
	EndGlobalSection
	GlobalSection(ProjectConfigurationPlatforms) = postSolution
		{B721F388-BCBF-444A-9506-7F0D1EDE4EF6}.Debug|Any CPU.ActiveCfg = Debug|Any CPU
		{B721F388-BCBF-444A-9506-7F0D1EDE4EF6}.Debug|Any CPU.Build.0 = Debug|Any CPU
		{B721F388-BCBF-444A-9506-7F0D1EDE4EF6}.Debug|Any CPU.Deploy.0 = Debug|Any CPU
		{B721F388-BCBF-444A-9506-7F0D1EDE4EF6}.Release|Any CPU.ActiveCfg = Release|Any CPU
		{B721F388-BCBF-444A-9506-7F0D1EDE4EF6}.Release|Any CPU.Build.0 = Release|Any CPU
		{B721F388-BCBF-444A-9506-7F0D1EDE4EF6}.Release|Any CPU.Deploy.0 = Release|Any CPU
		{86B170F3-BA28-471E-B90D-0B7ECBF8B249}.Debug|Any CPU.ActiveCfg = Debug|Any CPU
		{86B170F3-BA28-471E-B90D-0B7ECBF8B249}.Debug|Any CPU.Build.0 = Debug|Any CPU
		{86B170F3-BA28-471E-B90D-0B7ECBF8B249}.Debug|Any CPU.Deploy.0 = Debug|Any CPU
		{86B170F3-BA28-471E-B90D-0B7ECBF8B249}.Release|Any CPU.ActiveCfg = Release|Any CPU
		{86B170F3-BA28-471E-B90D-0B7ECBF8B249}.Release|Any CPU.Build.0 = Release|Any CPU
		{86B170F3-BA28-471E-B90D-0B7ECBF8B249}.Release|Any CPU.Deploy.0 = Release|Any CPU
	EndGlobalSection
	GlobalSection(SolutionProperties) = preSolution
		HideSolutionNode = FALSE
	EndGlobalSection
	GlobalSection(ExtensibilityGlobals) = postSolution
		SolutionGuid = {5737DEC5-49B3-4AFF-B4FE-447B7C6B89C8}
	EndGlobalSection
EndGlobal
