
Microsoft Visual Studio Solution File, Format Version 12.00
# Visual Studio 15
VisualStudioVersion = 15.0.28010.2050
MinimumVisualStudioVersion = 10.0.40219.1
Project("{FAE04EC0-301F-11D3-BF4B-00C04F79EFBC}") = "Emp.Android", "Emp\Emp.Android\Emp.Android.csproj", "{ABB1183C-4C44-43AF-B298-255742034536}"
EndProject
Project("{FAE04EC0-301F-11D3-BF4B-00C04F79EFBC}") = "Emp.iOS", "Emp\Emp.iOS\Emp.iOS.csproj", "{0FC7EF5B-52DD-4E17-ABCA-BB0A2D1500DC}"
EndProject
Project("{FAE04EC0-301F-11D3-BF4B-00C04F79EFBC}") = "Emp", "Emp\Emp\Emp.csproj", "{A65D8D13-D034-45DE-B511-DA22A7A9443E}"
EndProject
Global
	GlobalSection(SolutionConfigurationPlatforms) = preSolution
		Ad-Hoc|Any CPU = Ad-Hoc|Any CPU
		Ad-Hoc|iPhone = Ad-Hoc|iPhone
		Ad-Hoc|iPhoneSimulator = Ad-Hoc|iPhoneSimulator
		AppStore|Any CPU = AppStore|Any CPU
		AppStore|iPhone = AppStore|iPhone
		AppStore|iPhoneSimulator = AppStore|iPhoneSimulator
		Debug|Any CPU = Debug|Any CPU
		Debug|iPhone = Debug|iPhone
		Debug|iPhoneSimulator = Debug|iPhoneSimulator
		Release|Any CPU = Release|Any CPU
		Release|iPhone = Release|iPhone
		Release|iPhoneSimulator = Release|iPhoneSimulator
	EndGlobalSection
	GlobalSection(ProjectConfigurationPlatforms) = postSolution
		{ABB1183C-4C44-43AF-B298-255742034536}.Ad-Hoc|Any CPU.ActiveCfg = Release|Any CPU
		{ABB1183C-4C44-43AF-B298-255742034536}.Ad-Hoc|Any CPU.Build.0 = Release|Any CPU
		{ABB1183C-4C44-43AF-B298-255742034536}.Ad-Hoc|Any CPU.Deploy.0 = Release|Any CPU
		{ABB1183C-4C44-43AF-B298-255742034536}.Ad-Hoc|iPhone.ActiveCfg = Release|Any CPU
		{ABB1183C-4C44-43AF-B298-255742034536}.Ad-Hoc|iPhone.Build.0 = Release|Any CPU
		{ABB1183C-4C44-43AF-B298-255742034536}.Ad-Hoc|iPhone.Deploy.0 = Release|Any CPU
		{ABB1183C-4C44-43AF-B298-255742034536}.Ad-Hoc|iPhoneSimulator.ActiveCfg = Release|Any CPU
		{ABB1183C-4C44-43AF-B298-255742034536}.Ad-Hoc|iPhoneSimulator.Build.0 = Release|Any CPU
		{ABB1183C-4C44-43AF-B298-255742034536}.Ad-Hoc|iPhoneSimulator.Deploy.0 = Release|Any CPU
		{ABB1183C-4C44-43AF-B298-255742034536}.AppStore|Any CPU.ActiveCfg = Release|Any CPU
		{ABB1183C-4C44-43AF-B298-255742034536}.AppStore|Any CPU.Build.0 = Release|Any CPU
		{ABB1183C-4C44-43AF-B298-255742034536}.AppStore|Any CPU.Deploy.0 = Release|Any CPU
		{ABB1183C-4C44-43AF-B298-255742034536}.AppStore|iPhone.ActiveCfg = Release|Any CPU
		{ABB1183C-4C44-43AF-B298-255742034536}.AppStore|iPhone.Build.0 = Release|Any CPU
		{ABB1183C-4C44-43AF-B298-255742034536}.AppStore|iPhone.Deploy.0 = Release|Any CPU
		{ABB1183C-4C44-43AF-B298-255742034536}.AppStore|iPhoneSimulator.ActiveCfg = Release|Any CPU
		{ABB1183C-4C44-43AF-B298-255742034536}.AppStore|iPhoneSimulator.Build.0 = Release|Any CPU
		{ABB1183C-4C44-43AF-B298-255742034536}.AppStore|iPhoneSimulator.Deploy.0 = Release|Any CPU
		{ABB1183C-4C44-43AF-B298-255742034536}.Debug|Any CPU.ActiveCfg = Debug|Any CPU
		{ABB1183C-4C44-43AF-B298-255742034536}.Debug|Any CPU.Build.0 = Debug|Any CPU
		{ABB1183C-4C44-43AF-B298-255742034536}.Debug|Any CPU.Deploy.0 = Debug|Any CPU
		{ABB1183C-4C44-43AF-B298-255742034536}.Debug|iPhone.ActiveCfg = Debug|Any CPU
		{ABB1183C-4C44-43AF-B298-255742034536}.Debug|iPhone.Build.0 = Debug|Any CPU
		{ABB1183C-4C44-43AF-B298-255742034536}.Debug|iPhone.Deploy.0 = Debug|Any CPU
		{ABB1183C-4C44-43AF-B298-255742034536}.Debug|iPhoneSimulator.ActiveCfg = Debug|Any CPU
		{ABB1183C-4C44-43AF-B298-255742034536}.Debug|iPhoneSimulator.Build.0 = Debug|Any CPU
		{ABB1183C-4C44-43AF-B298-255742034536}.Debug|iPhoneSimulator.Deploy.0 = Debug|Any CPU
		{ABB1183C-4C44-43AF-B298-255742034536}.Release|Any CPU.ActiveCfg = Release|Any CPU
		{ABB1183C-4C44-43AF-B298-255742034536}.Release|Any CPU.Build.0 = Release|Any CPU
		{ABB1183C-4C44-43AF-B298-255742034536}.Release|Any CPU.Deploy.0 = Release|Any CPU
		{ABB1183C-4C44-43AF-B298-255742034536}.Release|iPhone.ActiveCfg = Release|Any CPU
		{ABB1183C-4C44-43AF-B298-255742034536}.Release|iPhone.Build.0 = Release|Any CPU
		{ABB1183C-4C44-43AF-B298-255742034536}.Release|iPhone.Deploy.0 = Release|Any CPU
		{ABB1183C-4C44-43AF-B298-255742034536}.Release|iPhoneSimulator.ActiveCfg = Release|Any CPU
		{ABB1183C-4C44-43AF-B298-255742034536}.Release|iPhoneSimulator.Build.0 = Release|Any CPU
		{ABB1183C-4C44-43AF-B298-255742034536}.Release|iPhoneSimulator.Deploy.0 = Release|Any CPU
		{0FC7EF5B-52DD-4E17-ABCA-BB0A2D1500DC}.Ad-Hoc|Any CPU.ActiveCfg = Ad-Hoc|iPhone
		{0FC7EF5B-52DD-4E17-ABCA-BB0A2D1500DC}.Ad-Hoc|Any CPU.Build.0 = Ad-Hoc|iPhone
		{0FC7EF5B-52DD-4E17-ABCA-BB0A2D1500DC}.Ad-Hoc|Any CPU.Deploy.0 = Ad-Hoc|iPhone
		{0FC7EF5B-52DD-4E17-ABCA-BB0A2D1500DC}.Ad-Hoc|iPhone.ActiveCfg = Ad-Hoc|iPhone
		{0FC7EF5B-52DD-4E17-ABCA-BB0A2D1500DC}.Ad-Hoc|iPhone.Build.0 = Ad-Hoc|iPhone
		{0FC7EF5B-52DD-4E17-ABCA-BB0A2D1500DC}.Ad-Hoc|iPhone.Deploy.0 = Ad-Hoc|iPhone
		{0FC7EF5B-52DD-4E17-ABCA-BB0A2D1500DC}.Ad-Hoc|iPhoneSimulator.ActiveCfg = Ad-Hoc|iPhoneSimulator
		{0FC7EF5B-52DD-4E17-ABCA-BB0A2D1500DC}.Ad-Hoc|iPhoneSimulator.Build.0 = Ad-Hoc|iPhoneSimulator
		{0FC7EF5B-52DD-4E17-ABCA-BB0A2D1500DC}.Ad-Hoc|iPhoneSimulator.Deploy.0 = Ad-Hoc|iPhoneSimulator
		{0FC7EF5B-52DD-4E17-ABCA-BB0A2D1500DC}.AppStore|Any CPU.ActiveCfg = AppStore|iPhone
		{0FC7EF5B-52DD-4E17-ABCA-BB0A2D1500DC}.AppStore|Any CPU.Build.0 = AppStore|iPhone
		{0FC7EF5B-52DD-4E17-ABCA-BB0A2D1500DC}.AppStore|Any CPU.Deploy.0 = AppStore|iPhone
		{0FC7EF5B-52DD-4E17-ABCA-BB0A2D1500DC}.AppStore|iPhone.ActiveCfg = AppStore|iPhone
		{0FC7EF5B-52DD-4E17-ABCA-BB0A2D1500DC}.AppStore|iPhone.Build.0 = AppStore|iPhone
		{0FC7EF5B-52DD-4E17-ABCA-BB0A2D1500DC}.AppStore|iPhone.Deploy.0 = AppStore|iPhone
		{0FC7EF5B-52DD-4E17-ABCA-BB0A2D1500DC}.AppStore|iPhoneSimulator.ActiveCfg = AppStore|iPhoneSimulator
		{0FC7EF5B-52DD-4E17-ABCA-BB0A2D1500DC}.AppStore|iPhoneSimulator.Build.0 = AppStore|iPhoneSimulator
		{0FC7EF5B-52DD-4E17-ABCA-BB0A2D1500DC}.AppStore|iPhoneSimulator.Deploy.0 = AppStore|iPhoneSimulator
		{0FC7EF5B-52DD-4E17-ABCA-BB0A2D1500DC}.Debug|Any CPU.ActiveCfg = Debug|iPhoneSimulator
		{0FC7EF5B-52DD-4E17-ABCA-BB0A2D1500DC}.Debug|Any CPU.Build.0 = Debug|iPhoneSimulator
		{0FC7EF5B-52DD-4E17-ABCA-BB0A2D1500DC}.Debug|Any CPU.Deploy.0 = Debug|iPhoneSimulator
		{0FC7EF5B-52DD-4E17-ABCA-BB0A2D1500DC}.Debug|iPhone.ActiveCfg = Debug|iPhone
		{0FC7EF5B-52DD-4E17-ABCA-BB0A2D1500DC}.Debug|iPhone.Build.0 = Debug|iPhone
		{0FC7EF5B-52DD-4E17-ABCA-BB0A2D1500DC}.Debug|iPhone.Deploy.0 = Debug|iPhone
		{0FC7EF5B-52DD-4E17-ABCA-BB0A2D1500DC}.Debug|iPhoneSimulator.ActiveCfg = Debug|iPhoneSimulator
		{0FC7EF5B-52DD-4E17-ABCA-BB0A2D1500DC}.Debug|iPhoneSimulator.Build.0 = Debug|iPhoneSimulator
		{0FC7EF5B-52DD-4E17-ABCA-BB0A2D1500DC}.Debug|iPhoneSimulator.Deploy.0 = Debug|iPhoneSimulator
		{0FC7EF5B-52DD-4E17-ABCA-BB0A2D1500DC}.Release|Any CPU.ActiveCfg = Release|iPhone
		{0FC7EF5B-52DD-4E17-ABCA-BB0A2D1500DC}.Release|Any CPU.Build.0 = Release|iPhone
		{0FC7EF5B-52DD-4E17-ABCA-BB0A2D1500DC}.Release|Any CPU.Deploy.0 = Release|iPhone
		{0FC7EF5B-52DD-4E17-ABCA-BB0A2D1500DC}.Release|iPhone.ActiveCfg = Release|iPhone
		{0FC7EF5B-52DD-4E17-ABCA-BB0A2D1500DC}.Release|iPhone.Build.0 = Release|iPhone
		{0FC7EF5B-52DD-4E17-ABCA-BB0A2D1500DC}.Release|iPhone.Deploy.0 = Release|iPhone
		{0FC7EF5B-52DD-4E17-ABCA-BB0A2D1500DC}.Release|iPhoneSimulator.ActiveCfg = Release|iPhoneSimulator
		{0FC7EF5B-52DD-4E17-ABCA-BB0A2D1500DC}.Release|iPhoneSimulator.Build.0 = Release|iPhoneSimulator
		{0FC7EF5B-52DD-4E17-ABCA-BB0A2D1500DC}.Release|iPhoneSimulator.Deploy.0 = Release|iPhoneSimulator
		{A65D8D13-D034-45DE-B511-DA22A7A9443E}.Ad-Hoc|Any CPU.ActiveCfg = Debug|Any CPU
		{A65D8D13-D034-45DE-B511-DA22A7A9443E}.Ad-Hoc|Any CPU.Build.0 = Debug|Any CPU
		{A65D8D13-D034-45DE-B511-DA22A7A9443E}.Ad-Hoc|Any CPU.Deploy.0 = Debug|Any CPU
		{A65D8D13-D034-45DE-B511-DA22A7A9443E}.Ad-Hoc|iPhone.ActiveCfg = Debug|Any CPU
		{A65D8D13-D034-45DE-B511-DA22A7A9443E}.Ad-Hoc|iPhone.Build.0 = Debug|Any CPU
		{A65D8D13-D034-45DE-B511-DA22A7A9443E}.Ad-Hoc|iPhone.Deploy.0 = Debug|Any CPU
		{A65D8D13-D034-45DE-B511-DA22A7A9443E}.Ad-Hoc|iPhoneSimulator.ActiveCfg = Debug|Any CPU
		{A65D8D13-D034-45DE-B511-DA22A7A9443E}.Ad-Hoc|iPhoneSimulator.Build.0 = Debug|Any CPU
		{A65D8D13-D034-45DE-B511-DA22A7A9443E}.Ad-Hoc|iPhoneSimulator.Deploy.0 = Debug|Any CPU
		{A65D8D13-D034-45DE-B511-DA22A7A9443E}.AppStore|Any CPU.ActiveCfg = Debug|Any CPU
		{A65D8D13-D034-45DE-B511-DA22A7A9443E}.AppStore|Any CPU.Build.0 = Debug|Any CPU
		{A65D8D13-D034-45DE-B511-DA22A7A9443E}.AppStore|Any CPU.Deploy.0 = Debug|Any CPU
		{A65D8D13-D034-45DE-B511-DA22A7A9443E}.AppStore|iPhone.ActiveCfg = Debug|Any CPU
		{A65D8D13-D034-45DE-B511-DA22A7A9443E}.AppStore|iPhone.Build.0 = Debug|Any CPU
		{A65D8D13-D034-45DE-B511-DA22A7A9443E}.AppStore|iPhone.Deploy.0 = Debug|Any CPU
		{A65D8D13-D034-45DE-B511-DA22A7A9443E}.AppStore|iPhoneSimulator.ActiveCfg = Debug|Any CPU
		{A65D8D13-D034-45DE-B511-DA22A7A9443E}.AppStore|iPhoneSimulator.Build.0 = Debug|Any CPU
		{A65D8D13-D034-45DE-B511-DA22A7A9443E}.AppStore|iPhoneSimulator.Deploy.0 = Debug|Any CPU
		{A65D8D13-D034-45DE-B511-DA22A7A9443E}.Debug|Any CPU.ActiveCfg = Debug|Any CPU
		{A65D8D13-D034-45DE-B511-DA22A7A9443E}.Debug|Any CPU.Build.0 = Debug|Any CPU
		{A65D8D13-D034-45DE-B511-DA22A7A9443E}.Debug|Any CPU.Deploy.0 = Debug|Any CPU
		{A65D8D13-D034-45DE-B511-DA22A7A9443E}.Debug|iPhone.ActiveCfg = Debug|Any CPU
		{A65D8D13-D034-45DE-B511-DA22A7A9443E}.Debug|iPhone.Build.0 = Debug|Any CPU
		{A65D8D13-D034-45DE-B511-DA22A7A9443E}.Debug|iPhone.Deploy.0 = Debug|Any CPU
		{A65D8D13-D034-45DE-B511-DA22A7A9443E}.Debug|iPhoneSimulator.ActiveCfg = Debug|Any CPU
		{A65D8D13-D034-45DE-B511-DA22A7A9443E}.Debug|iPhoneSimulator.Build.0 = Debug|Any CPU
		{A65D8D13-D034-45DE-B511-DA22A7A9443E}.Debug|iPhoneSimulator.Deploy.0 = Debug|Any CPU
		{A65D8D13-D034-45DE-B511-DA22A7A9443E}.Release|Any CPU.ActiveCfg = Release|Any CPU
		{A65D8D13-D034-45DE-B511-DA22A7A9443E}.Release|Any CPU.Build.0 = Release|Any CPU
		{A65D8D13-D034-45DE-B511-DA22A7A9443E}.Release|Any CPU.Deploy.0 = Release|Any CPU
		{A65D8D13-D034-45DE-B511-DA22A7A9443E}.Release|iPhone.ActiveCfg = Release|Any CPU
		{A65D8D13-D034-45DE-B511-DA22A7A9443E}.Release|iPhone.Build.0 = Release|Any CPU
		{A65D8D13-D034-45DE-B511-DA22A7A9443E}.Release|iPhone.Deploy.0 = Release|Any CPU
		{A65D8D13-D034-45DE-B511-DA22A7A9443E}.Release|iPhoneSimulator.ActiveCfg = Release|Any CPU
		{A65D8D13-D034-45DE-B511-DA22A7A9443E}.Release|iPhoneSimulator.Build.0 = Release|Any CPU
		{A65D8D13-D034-45DE-B511-DA22A7A9443E}.Release|iPhoneSimulator.Deploy.0 = Release|Any CPU
	EndGlobalSection
	GlobalSection(SolutionProperties) = preSolution
		HideSolutionNode = FALSE
	EndGlobalSection
	GlobalSection(ExtensibilityGlobals) = postSolution
		SolutionGuid = {3382D238-ECEA-4CE9-A88E-7565AF7774A5}
	EndGlobalSection
EndGlobal
