
Microsoft Visual Studio Solution File, Format Version 12.00
# Visual Studio 15
VisualStudioVersion = 15.0.27703.2042
MinimumVisualStudioVersion = 10.0.40219.1
Project("{FAE04EC0-301F-11D3-BF4B-00C04F79EFBC}") = "20181105", "20181105\20181105.csproj", "{101E3060-8799-4119-8A7A-4F86A01C0C84}"
EndProject
Project("{FAE04EC0-301F-11D3-BF4B-00C04F79EFBC}") = "iOS_Hello", "iOS_Hello\iOS_Hello.csproj", "{A21BECE5-0A6E-4652-93D9-A76FFBFADD56}"
EndProject
Project("{FAE04EC0-301F-11D3-BF4B-00C04F79EFBC}") = "Selector.Android", "Selector\Selector.Android\Selector.Android.csproj", "{C48FC476-BFBD-4110-A862-EC8196FCD474}"
EndProject
Project("{FAE04EC0-301F-11D3-BF4B-00C04F79EFBC}") = "Selector.iOS", "Selector\Selector.iOS\Selector.iOS.csproj", "{70342FEB-33E9-41A0-902B-BAD0D1A47E67}"
EndProject
Project("{9A19103F-16F7-4668-BE54-9A1E7A4F7556}") = "Selector", "Selector\Selector\Selector.csproj", "{2C549475-D919-499E-B7D4-63B8A8BB299F}"
EndProject
Project("{FAE04EC0-301F-11D3-BF4B-00C04F79EFBC}") = "App7.Android", "App7\App7.Android\App7.Android.csproj", "{B5E71793-014B-4EA7-9EA6-BB24F79DD3EE}"
EndProject
Project("{FAE04EC0-301F-11D3-BF4B-00C04F79EFBC}") = "App7.iOS", "App7\App7.iOS\App7.iOS.csproj", "{9E2DC15D-98AE-4126-ACB0-53E04B2D105C}"
EndProject
Project("{9A19103F-16F7-4668-BE54-9A1E7A4F7556}") = "App7", "App7\App7\App7.csproj", "{C9ED56A3-F75A-4396-9069-632AB6A00BE4}"
EndProject
Project("{FAE04EC0-301F-11D3-BF4B-00C04F79EFBC}") = "ViewToView.Android", "ViewToView\ViewToView.Android\ViewToView.Android.csproj", "{22169906-C9DA-46FC-9302-15488A7520EF}"
EndProject
Project("{FAE04EC0-301F-11D3-BF4B-00C04F79EFBC}") = "ViewToView.iOS", "ViewToView\ViewToView.iOS\ViewToView.iOS.csproj", "{C7A4B9AD-4551-4607-AA41-675CEC60293A}"
EndProject
Project("{9A19103F-16F7-4668-BE54-9A1E7A4F7556}") = "ViewToView", "ViewToView\ViewToView\ViewToView.csproj", "{8801448E-421C-4083-B178-0EE6AD7E922A}"
EndProject
Project("{FAE04EC0-301F-11D3-BF4B-00C04F79EFBC}") = "App6.Android", "App6\App6.Android\App6.Android.csproj", "{BFF26078-5ABC-4D84-9166-4CF18EE5C280}"
EndProject
Project("{FAE04EC0-301F-11D3-BF4B-00C04F79EFBC}") = "App6.iOS", "App6\App6.iOS\App6.iOS.csproj", "{3E6F41F2-2D6C-4703-8D80-D3831E611FC1}"
EndProject
Project("{9A19103F-16F7-4668-BE54-9A1E7A4F7556}") = "App6", "App6\App6\App6.csproj", "{EBFC0C12-0429-4D3D-B250-E758C06A669B}"
EndProject
Project("{FAE04EC0-301F-11D3-BF4B-00C04F79EFBC}") = "App5.Android", "App5\App5.Android\App5.Android.csproj", "{521980D6-C707-4607-80B0-CD0400E04B16}"
EndProject
Project("{FAE04EC0-301F-11D3-BF4B-00C04F79EFBC}") = "App5.iOS", "App5\App5.iOS\App5.iOS.csproj", "{155F8164-F719-4495-BE42-8B8042EE8E10}"
EndProject
Project("{FAE04EC0-301F-11D3-BF4B-00C04F79EFBC}") = "App5", "App5\App5\App5.csproj", "{82177DD6-8E40-4C38-95DD-F3FC672BE542}"
EndProject
Global
	GlobalSection(SolutionConfigurationPlatforms) = preSolution
		Ad-Hoc|Any CPU = Ad-Hoc|Any CPU
		Ad-Hoc|ARM = Ad-Hoc|ARM
		Ad-Hoc|iPhone = Ad-Hoc|iPhone
		Ad-Hoc|iPhoneSimulator = Ad-Hoc|iPhoneSimulator
		Ad-Hoc|x64 = Ad-Hoc|x64
		Ad-Hoc|x86 = Ad-Hoc|x86
		AppStore|Any CPU = AppStore|Any CPU
		AppStore|ARM = AppStore|ARM
		AppStore|iPhone = AppStore|iPhone
		AppStore|iPhoneSimulator = AppStore|iPhoneSimulator
		AppStore|x64 = AppStore|x64
		AppStore|x86 = AppStore|x86
		Debug|Any CPU = Debug|Any CPU
		Debug|ARM = Debug|ARM
		Debug|iPhone = Debug|iPhone
		Debug|iPhoneSimulator = Debug|iPhoneSimulator
		Debug|x64 = Debug|x64
		Debug|x86 = Debug|x86
		Release|Any CPU = Release|Any CPU
		Release|ARM = Release|ARM
		Release|iPhone = Release|iPhone
		Release|iPhoneSimulator = Release|iPhoneSimulator
		Release|x64 = Release|x64
		Release|x86 = Release|x86
	EndGlobalSection
	GlobalSection(ProjectConfigurationPlatforms) = postSolution
		{101E3060-8799-4119-8A7A-4F86A01C0C84}.Ad-Hoc|Any CPU.ActiveCfg = Release|iPhoneSimulator
		{101E3060-8799-4119-8A7A-4F86A01C0C84}.Ad-Hoc|Any CPU.Build.0 = Release|iPhoneSimulator
		{101E3060-8799-4119-8A7A-4F86A01C0C84}.Ad-Hoc|ARM.ActiveCfg = Release|iPhoneSimulator
		{101E3060-8799-4119-8A7A-4F86A01C0C84}.Ad-Hoc|ARM.Build.0 = Release|iPhoneSimulator
		{101E3060-8799-4119-8A7A-4F86A01C0C84}.Ad-Hoc|iPhone.ActiveCfg = Release|iPhone
		{101E3060-8799-4119-8A7A-4F86A01C0C84}.Ad-Hoc|iPhone.Build.0 = Release|iPhone
		{101E3060-8799-4119-8A7A-4F86A01C0C84}.Ad-Hoc|iPhoneSimulator.ActiveCfg = Release|iPhoneSimulator
		{101E3060-8799-4119-8A7A-4F86A01C0C84}.Ad-Hoc|iPhoneSimulator.Build.0 = Release|iPhoneSimulator
		{101E3060-8799-4119-8A7A-4F86A01C0C84}.Ad-Hoc|x64.ActiveCfg = Release|iPhoneSimulator
		{101E3060-8799-4119-8A7A-4F86A01C0C84}.Ad-Hoc|x64.Build.0 = Release|iPhoneSimulator
		{101E3060-8799-4119-8A7A-4F86A01C0C84}.Ad-Hoc|x86.ActiveCfg = Release|iPhoneSimulator
		{101E3060-8799-4119-8A7A-4F86A01C0C84}.Ad-Hoc|x86.Build.0 = Release|iPhoneSimulator
		{101E3060-8799-4119-8A7A-4F86A01C0C84}.AppStore|Any CPU.ActiveCfg = Release|iPhoneSimulator
		{101E3060-8799-4119-8A7A-4F86A01C0C84}.AppStore|Any CPU.Build.0 = Release|iPhoneSimulator
		{101E3060-8799-4119-8A7A-4F86A01C0C84}.AppStore|ARM.ActiveCfg = Release|iPhoneSimulator
		{101E3060-8799-4119-8A7A-4F86A01C0C84}.AppStore|ARM.Build.0 = Release|iPhoneSimulator
		{101E3060-8799-4119-8A7A-4F86A01C0C84}.AppStore|iPhone.ActiveCfg = Release|iPhone
		{101E3060-8799-4119-8A7A-4F86A01C0C84}.AppStore|iPhone.Build.0 = Release|iPhone
		{101E3060-8799-4119-8A7A-4F86A01C0C84}.AppStore|iPhoneSimulator.ActiveCfg = Release|iPhoneSimulator
		{101E3060-8799-4119-8A7A-4F86A01C0C84}.AppStore|iPhoneSimulator.Build.0 = Release|iPhoneSimulator
		{101E3060-8799-4119-8A7A-4F86A01C0C84}.AppStore|x64.ActiveCfg = Release|iPhoneSimulator
		{101E3060-8799-4119-8A7A-4F86A01C0C84}.AppStore|x64.Build.0 = Release|iPhoneSimulator
		{101E3060-8799-4119-8A7A-4F86A01C0C84}.AppStore|x86.ActiveCfg = Release|iPhoneSimulator
		{101E3060-8799-4119-8A7A-4F86A01C0C84}.AppStore|x86.Build.0 = Release|iPhoneSimulator
		{101E3060-8799-4119-8A7A-4F86A01C0C84}.Debug|Any CPU.ActiveCfg = Debug|iPhoneSimulator
		{101E3060-8799-4119-8A7A-4F86A01C0C84}.Debug|ARM.ActiveCfg = Debug|iPhoneSimulator
		{101E3060-8799-4119-8A7A-4F86A01C0C84}.Debug|iPhone.ActiveCfg = Debug|iPhone
		{101E3060-8799-4119-8A7A-4F86A01C0C84}.Debug|iPhone.Build.0 = Debug|iPhone
		{101E3060-8799-4119-8A7A-4F86A01C0C84}.Debug|iPhone.Deploy.0 = Debug|iPhone
		{101E3060-8799-4119-8A7A-4F86A01C0C84}.Debug|iPhoneSimulator.ActiveCfg = Debug|iPhoneSimulator
		{101E3060-8799-4119-8A7A-4F86A01C0C84}.Debug|iPhoneSimulator.Build.0 = Debug|iPhoneSimulator
		{101E3060-8799-4119-8A7A-4F86A01C0C84}.Debug|iPhoneSimulator.Deploy.0 = Debug|iPhoneSimulator
		{101E3060-8799-4119-8A7A-4F86A01C0C84}.Debug|x64.ActiveCfg = Debug|iPhoneSimulator
		{101E3060-8799-4119-8A7A-4F86A01C0C84}.Debug|x86.ActiveCfg = Debug|iPhoneSimulator
		{101E3060-8799-4119-8A7A-4F86A01C0C84}.Release|Any CPU.ActiveCfg = Release|iPhoneSimulator
		{101E3060-8799-4119-8A7A-4F86A01C0C84}.Release|ARM.ActiveCfg = Release|iPhoneSimulator
		{101E3060-8799-4119-8A7A-4F86A01C0C84}.Release|iPhone.ActiveCfg = Release|iPhone
		{101E3060-8799-4119-8A7A-4F86A01C0C84}.Release|iPhone.Build.0 = Release|iPhone
		{101E3060-8799-4119-8A7A-4F86A01C0C84}.Release|iPhone.Deploy.0 = Release|iPhone
		{101E3060-8799-4119-8A7A-4F86A01C0C84}.Release|iPhoneSimulator.ActiveCfg = Release|iPhoneSimulator
		{101E3060-8799-4119-8A7A-4F86A01C0C84}.Release|iPhoneSimulator.Build.0 = Release|iPhoneSimulator
		{101E3060-8799-4119-8A7A-4F86A01C0C84}.Release|iPhoneSimulator.Deploy.0 = Release|iPhoneSimulator
		{101E3060-8799-4119-8A7A-4F86A01C0C84}.Release|x64.ActiveCfg = Release|iPhoneSimulator
		{101E3060-8799-4119-8A7A-4F86A01C0C84}.Release|x86.ActiveCfg = Release|iPhoneSimulator
		{A21BECE5-0A6E-4652-93D9-A76FFBFADD56}.Ad-Hoc|Any CPU.ActiveCfg = Release|iPhoneSimulator
		{A21BECE5-0A6E-4652-93D9-A76FFBFADD56}.Ad-Hoc|Any CPU.Build.0 = Release|iPhoneSimulator
		{A21BECE5-0A6E-4652-93D9-A76FFBFADD56}.Ad-Hoc|ARM.ActiveCfg = Release|iPhoneSimulator
		{A21BECE5-0A6E-4652-93D9-A76FFBFADD56}.Ad-Hoc|ARM.Build.0 = Release|iPhoneSimulator
		{A21BECE5-0A6E-4652-93D9-A76FFBFADD56}.Ad-Hoc|iPhone.ActiveCfg = Release|iPhone
		{A21BECE5-0A6E-4652-93D9-A76FFBFADD56}.Ad-Hoc|iPhone.Build.0 = Release|iPhone
		{A21BECE5-0A6E-4652-93D9-A76FFBFADD56}.Ad-Hoc|iPhoneSimulator.ActiveCfg = Release|iPhoneSimulator
		{A21BECE5-0A6E-4652-93D9-A76FFBFADD56}.Ad-Hoc|iPhoneSimulator.Build.0 = Release|iPhoneSimulator
		{A21BECE5-0A6E-4652-93D9-A76FFBFADD56}.Ad-Hoc|x64.ActiveCfg = Release|iPhoneSimulator
		{A21BECE5-0A6E-4652-93D9-A76FFBFADD56}.Ad-Hoc|x64.Build.0 = Release|iPhoneSimulator
		{A21BECE5-0A6E-4652-93D9-A76FFBFADD56}.Ad-Hoc|x86.ActiveCfg = Release|iPhoneSimulator
		{A21BECE5-0A6E-4652-93D9-A76FFBFADD56}.Ad-Hoc|x86.Build.0 = Release|iPhoneSimulator
		{A21BECE5-0A6E-4652-93D9-A76FFBFADD56}.AppStore|Any CPU.ActiveCfg = Release|iPhoneSimulator
		{A21BECE5-0A6E-4652-93D9-A76FFBFADD56}.AppStore|Any CPU.Build.0 = Release|iPhoneSimulator
		{A21BECE5-0A6E-4652-93D9-A76FFBFADD56}.AppStore|ARM.ActiveCfg = Release|iPhoneSimulator
		{A21BECE5-0A6E-4652-93D9-A76FFBFADD56}.AppStore|ARM.Build.0 = Release|iPhoneSimulator
		{A21BECE5-0A6E-4652-93D9-A76FFBFADD56}.AppStore|iPhone.ActiveCfg = Release|iPhone
		{A21BECE5-0A6E-4652-93D9-A76FFBFADD56}.AppStore|iPhone.Build.0 = Release|iPhone
		{A21BECE5-0A6E-4652-93D9-A76FFBFADD56}.AppStore|iPhoneSimulator.ActiveCfg = Release|iPhoneSimulator
		{A21BECE5-0A6E-4652-93D9-A76FFBFADD56}.AppStore|iPhoneSimulator.Build.0 = Release|iPhoneSimulator
		{A21BECE5-0A6E-4652-93D9-A76FFBFADD56}.AppStore|x64.ActiveCfg = Release|iPhoneSimulator
		{A21BECE5-0A6E-4652-93D9-A76FFBFADD56}.AppStore|x64.Build.0 = Release|iPhoneSimulator
		{A21BECE5-0A6E-4652-93D9-A76FFBFADD56}.AppStore|x86.ActiveCfg = Release|iPhoneSimulator
		{A21BECE5-0A6E-4652-93D9-A76FFBFADD56}.AppStore|x86.Build.0 = Release|iPhoneSimulator
		{A21BECE5-0A6E-4652-93D9-A76FFBFADD56}.Debug|Any CPU.ActiveCfg = Debug|iPhoneSimulator
		{A21BECE5-0A6E-4652-93D9-A76FFBFADD56}.Debug|ARM.ActiveCfg = Debug|iPhoneSimulator
		{A21BECE5-0A6E-4652-93D9-A76FFBFADD56}.Debug|iPhone.ActiveCfg = Debug|iPhone
		{A21BECE5-0A6E-4652-93D9-A76FFBFADD56}.Debug|iPhone.Build.0 = Debug|iPhone
		{A21BECE5-0A6E-4652-93D9-A76FFBFADD56}.Debug|iPhoneSimulator.ActiveCfg = Debug|iPhoneSimulator
		{A21BECE5-0A6E-4652-93D9-A76FFBFADD56}.Debug|iPhoneSimulator.Build.0 = Debug|iPhoneSimulator
		{A21BECE5-0A6E-4652-93D9-A76FFBFADD56}.Debug|x64.ActiveCfg = Debug|iPhoneSimulator
		{A21BECE5-0A6E-4652-93D9-A76FFBFADD56}.Debug|x86.ActiveCfg = Debug|iPhoneSimulator
		{A21BECE5-0A6E-4652-93D9-A76FFBFADD56}.Release|Any CPU.ActiveCfg = Release|iPhoneSimulator
		{A21BECE5-0A6E-4652-93D9-A76FFBFADD56}.Release|ARM.ActiveCfg = Release|iPhoneSimulator
		{A21BECE5-0A6E-4652-93D9-A76FFBFADD56}.Release|iPhone.ActiveCfg = Release|iPhone
		{A21BECE5-0A6E-4652-93D9-A76FFBFADD56}.Release|iPhone.Build.0 = Release|iPhone
		{A21BECE5-0A6E-4652-93D9-A76FFBFADD56}.Release|iPhoneSimulator.ActiveCfg = Release|iPhoneSimulator
		{A21BECE5-0A6E-4652-93D9-A76FFBFADD56}.Release|iPhoneSimulator.Build.0 = Release|iPhoneSimulator
		{A21BECE5-0A6E-4652-93D9-A76FFBFADD56}.Release|x64.ActiveCfg = Release|iPhoneSimulator
		{A21BECE5-0A6E-4652-93D9-A76FFBFADD56}.Release|x86.ActiveCfg = Release|iPhoneSimulator
		{C48FC476-BFBD-4110-A862-EC8196FCD474}.Ad-Hoc|Any CPU.ActiveCfg = Release|Any CPU
		{C48FC476-BFBD-4110-A862-EC8196FCD474}.Ad-Hoc|Any CPU.Build.0 = Release|Any CPU
		{C48FC476-BFBD-4110-A862-EC8196FCD474}.Ad-Hoc|Any CPU.Deploy.0 = Release|Any CPU
		{C48FC476-BFBD-4110-A862-EC8196FCD474}.Ad-Hoc|ARM.ActiveCfg = Release|Any CPU
		{C48FC476-BFBD-4110-A862-EC8196FCD474}.Ad-Hoc|ARM.Build.0 = Release|Any CPU
		{C48FC476-BFBD-4110-A862-EC8196FCD474}.Ad-Hoc|ARM.Deploy.0 = Release|Any CPU
		{C48FC476-BFBD-4110-A862-EC8196FCD474}.Ad-Hoc|iPhone.ActiveCfg = Release|Any CPU
		{C48FC476-BFBD-4110-A862-EC8196FCD474}.Ad-Hoc|iPhone.Build.0 = Release|Any CPU
		{C48FC476-BFBD-4110-A862-EC8196FCD474}.Ad-Hoc|iPhone.Deploy.0 = Release|Any CPU
		{C48FC476-BFBD-4110-A862-EC8196FCD474}.Ad-Hoc|iPhoneSimulator.ActiveCfg = Release|Any CPU
		{C48FC476-BFBD-4110-A862-EC8196FCD474}.Ad-Hoc|iPhoneSimulator.Build.0 = Release|Any CPU
		{C48FC476-BFBD-4110-A862-EC8196FCD474}.Ad-Hoc|iPhoneSimulator.Deploy.0 = Release|Any CPU
		{C48FC476-BFBD-4110-A862-EC8196FCD474}.Ad-Hoc|x64.ActiveCfg = Release|Any CPU
		{C48FC476-BFBD-4110-A862-EC8196FCD474}.Ad-Hoc|x64.Build.0 = Release|Any CPU
		{C48FC476-BFBD-4110-A862-EC8196FCD474}.Ad-Hoc|x64.Deploy.0 = Release|Any CPU
		{C48FC476-BFBD-4110-A862-EC8196FCD474}.Ad-Hoc|x86.ActiveCfg = Release|Any CPU
		{C48FC476-BFBD-4110-A862-EC8196FCD474}.Ad-Hoc|x86.Build.0 = Release|Any CPU
		{C48FC476-BFBD-4110-A862-EC8196FCD474}.Ad-Hoc|x86.Deploy.0 = Release|Any CPU
		{C48FC476-BFBD-4110-A862-EC8196FCD474}.AppStore|Any CPU.ActiveCfg = Release|Any CPU
		{C48FC476-BFBD-4110-A862-EC8196FCD474}.AppStore|Any CPU.Build.0 = Release|Any CPU
		{C48FC476-BFBD-4110-A862-EC8196FCD474}.AppStore|Any CPU.Deploy.0 = Release|Any CPU
		{C48FC476-BFBD-4110-A862-EC8196FCD474}.AppStore|ARM.ActiveCfg = Release|Any CPU
		{C48FC476-BFBD-4110-A862-EC8196FCD474}.AppStore|ARM.Build.0 = Release|Any CPU
		{C48FC476-BFBD-4110-A862-EC8196FCD474}.AppStore|ARM.Deploy.0 = Release|Any CPU
		{C48FC476-BFBD-4110-A862-EC8196FCD474}.AppStore|iPhone.ActiveCfg = Release|Any CPU
		{C48FC476-BFBD-4110-A862-EC8196FCD474}.AppStore|iPhone.Build.0 = Release|Any CPU
		{C48FC476-BFBD-4110-A862-EC8196FCD474}.AppStore|iPhone.Deploy.0 = Release|Any CPU
		{C48FC476-BFBD-4110-A862-EC8196FCD474}.AppStore|iPhoneSimulator.ActiveCfg = Release|Any CPU
		{C48FC476-BFBD-4110-A862-EC8196FCD474}.AppStore|iPhoneSimulator.Build.0 = Release|Any CPU
		{C48FC476-BFBD-4110-A862-EC8196FCD474}.AppStore|iPhoneSimulator.Deploy.0 = Release|Any CPU
		{C48FC476-BFBD-4110-A862-EC8196FCD474}.AppStore|x64.ActiveCfg = Release|Any CPU
		{C48FC476-BFBD-4110-A862-EC8196FCD474}.AppStore|x64.Build.0 = Release|Any CPU
		{C48FC476-BFBD-4110-A862-EC8196FCD474}.AppStore|x64.Deploy.0 = Release|Any CPU
		{C48FC476-BFBD-4110-A862-EC8196FCD474}.AppStore|x86.ActiveCfg = Release|Any CPU
		{C48FC476-BFBD-4110-A862-EC8196FCD474}.AppStore|x86.Build.0 = Release|Any CPU
		{C48FC476-BFBD-4110-A862-EC8196FCD474}.AppStore|x86.Deploy.0 = Release|Any CPU
		{C48FC476-BFBD-4110-A862-EC8196FCD474}.Debug|Any CPU.ActiveCfg = Debug|Any CPU
		{C48FC476-BFBD-4110-A862-EC8196FCD474}.Debug|Any CPU.Build.0 = Debug|Any CPU
		{C48FC476-BFBD-4110-A862-EC8196FCD474}.Debug|Any CPU.Deploy.0 = Debug|Any CPU
		{C48FC476-BFBD-4110-A862-EC8196FCD474}.Debug|ARM.ActiveCfg = Debug|Any CPU
		{C48FC476-BFBD-4110-A862-EC8196FCD474}.Debug|ARM.Build.0 = Debug|Any CPU
		{C48FC476-BFBD-4110-A862-EC8196FCD474}.Debug|ARM.Deploy.0 = Debug|Any CPU
		{C48FC476-BFBD-4110-A862-EC8196FCD474}.Debug|iPhone.ActiveCfg = Debug|Any CPU
		{C48FC476-BFBD-4110-A862-EC8196FCD474}.Debug|iPhone.Build.0 = Debug|Any CPU
		{C48FC476-BFBD-4110-A862-EC8196FCD474}.Debug|iPhone.Deploy.0 = Debug|Any CPU
		{C48FC476-BFBD-4110-A862-EC8196FCD474}.Debug|iPhoneSimulator.ActiveCfg = Debug|Any CPU
		{C48FC476-BFBD-4110-A862-EC8196FCD474}.Debug|iPhoneSimulator.Build.0 = Debug|Any CPU
		{C48FC476-BFBD-4110-A862-EC8196FCD474}.Debug|iPhoneSimulator.Deploy.0 = Debug|Any CPU
		{C48FC476-BFBD-4110-A862-EC8196FCD474}.Debug|x64.ActiveCfg = Debug|Any CPU
		{C48FC476-BFBD-4110-A862-EC8196FCD474}.Debug|x64.Build.0 = Debug|Any CPU
		{C48FC476-BFBD-4110-A862-EC8196FCD474}.Debug|x64.Deploy.0 = Debug|Any CPU
		{C48FC476-BFBD-4110-A862-EC8196FCD474}.Debug|x86.ActiveCfg = Debug|Any CPU
		{C48FC476-BFBD-4110-A862-EC8196FCD474}.Debug|x86.Build.0 = Debug|Any CPU
		{C48FC476-BFBD-4110-A862-EC8196FCD474}.Debug|x86.Deploy.0 = Debug|Any CPU
		{C48FC476-BFBD-4110-A862-EC8196FCD474}.Release|Any CPU.ActiveCfg = Release|Any CPU
		{C48FC476-BFBD-4110-A862-EC8196FCD474}.Release|Any CPU.Build.0 = Release|Any CPU
		{C48FC476-BFBD-4110-A862-EC8196FCD474}.Release|Any CPU.Deploy.0 = Release|Any CPU
		{C48FC476-BFBD-4110-A862-EC8196FCD474}.Release|ARM.ActiveCfg = Release|Any CPU
		{C48FC476-BFBD-4110-A862-EC8196FCD474}.Release|ARM.Build.0 = Release|Any CPU
		{C48FC476-BFBD-4110-A862-EC8196FCD474}.Release|ARM.Deploy.0 = Release|Any CPU
		{C48FC476-BFBD-4110-A862-EC8196FCD474}.Release|iPhone.ActiveCfg = Release|Any CPU
		{C48FC476-BFBD-4110-A862-EC8196FCD474}.Release|iPhone.Build.0 = Release|Any CPU
		{C48FC476-BFBD-4110-A862-EC8196FCD474}.Release|iPhone.Deploy.0 = Release|Any CPU
		{C48FC476-BFBD-4110-A862-EC8196FCD474}.Release|iPhoneSimulator.ActiveCfg = Release|Any CPU
		{C48FC476-BFBD-4110-A862-EC8196FCD474}.Release|iPhoneSimulator.Build.0 = Release|Any CPU
		{C48FC476-BFBD-4110-A862-EC8196FCD474}.Release|iPhoneSimulator.Deploy.0 = Release|Any CPU
		{C48FC476-BFBD-4110-A862-EC8196FCD474}.Release|x64.ActiveCfg = Release|Any CPU
		{C48FC476-BFBD-4110-A862-EC8196FCD474}.Release|x64.Build.0 = Release|Any CPU
		{C48FC476-BFBD-4110-A862-EC8196FCD474}.Release|x64.Deploy.0 = Release|Any CPU
		{C48FC476-BFBD-4110-A862-EC8196FCD474}.Release|x86.ActiveCfg = Release|Any CPU
		{C48FC476-BFBD-4110-A862-EC8196FCD474}.Release|x86.Build.0 = Release|Any CPU
		{C48FC476-BFBD-4110-A862-EC8196FCD474}.Release|x86.Deploy.0 = Release|Any CPU
		{70342FEB-33E9-41A0-902B-BAD0D1A47E67}.Ad-Hoc|Any CPU.ActiveCfg = Ad-Hoc|iPhone
		{70342FEB-33E9-41A0-902B-BAD0D1A47E67}.Ad-Hoc|ARM.ActiveCfg = Ad-Hoc|iPhone
		{70342FEB-33E9-41A0-902B-BAD0D1A47E67}.Ad-Hoc|iPhone.ActiveCfg = Ad-Hoc|iPhone
		{70342FEB-33E9-41A0-902B-BAD0D1A47E67}.Ad-Hoc|iPhone.Build.0 = Ad-Hoc|iPhone
		{70342FEB-33E9-41A0-902B-BAD0D1A47E67}.Ad-Hoc|iPhoneSimulator.ActiveCfg = Ad-Hoc|iPhoneSimulator
		{70342FEB-33E9-41A0-902B-BAD0D1A47E67}.Ad-Hoc|iPhoneSimulator.Build.0 = Ad-Hoc|iPhoneSimulator
		{70342FEB-33E9-41A0-902B-BAD0D1A47E67}.Ad-Hoc|x64.ActiveCfg = Ad-Hoc|iPhone
		{70342FEB-33E9-41A0-902B-BAD0D1A47E67}.Ad-Hoc|x86.ActiveCfg = Ad-Hoc|iPhone
		{70342FEB-33E9-41A0-902B-BAD0D1A47E67}.AppStore|Any CPU.ActiveCfg = AppStore|iPhone
		{70342FEB-33E9-41A0-902B-BAD0D1A47E67}.AppStore|ARM.ActiveCfg = AppStore|iPhone
		{70342FEB-33E9-41A0-902B-BAD0D1A47E67}.AppStore|iPhone.ActiveCfg = AppStore|iPhone
		{70342FEB-33E9-41A0-902B-BAD0D1A47E67}.AppStore|iPhone.Build.0 = AppStore|iPhone
		{70342FEB-33E9-41A0-902B-BAD0D1A47E67}.AppStore|iPhoneSimulator.ActiveCfg = AppStore|iPhoneSimulator
		{70342FEB-33E9-41A0-902B-BAD0D1A47E67}.AppStore|iPhoneSimulator.Build.0 = AppStore|iPhoneSimulator
		{70342FEB-33E9-41A0-902B-BAD0D1A47E67}.AppStore|x64.ActiveCfg = AppStore|iPhone
		{70342FEB-33E9-41A0-902B-BAD0D1A47E67}.AppStore|x86.ActiveCfg = AppStore|iPhone
		{70342FEB-33E9-41A0-902B-BAD0D1A47E67}.Debug|Any CPU.ActiveCfg = Debug|iPhone
		{70342FEB-33E9-41A0-902B-BAD0D1A47E67}.Debug|ARM.ActiveCfg = Debug|iPhone
		{70342FEB-33E9-41A0-902B-BAD0D1A47E67}.Debug|iPhone.ActiveCfg = Debug|iPhone
		{70342FEB-33E9-41A0-902B-BAD0D1A47E67}.Debug|iPhone.Build.0 = Debug|iPhone
		{70342FEB-33E9-41A0-902B-BAD0D1A47E67}.Debug|iPhoneSimulator.ActiveCfg = Debug|iPhoneSimulator
		{70342FEB-33E9-41A0-902B-BAD0D1A47E67}.Debug|iPhoneSimulator.Build.0 = Debug|iPhoneSimulator
		{70342FEB-33E9-41A0-902B-BAD0D1A47E67}.Debug|x64.ActiveCfg = Debug|iPhone
		{70342FEB-33E9-41A0-902B-BAD0D1A47E67}.Debug|x86.ActiveCfg = Debug|iPhone
		{70342FEB-33E9-41A0-902B-BAD0D1A47E67}.Release|Any CPU.ActiveCfg = Release|iPhone
		{70342FEB-33E9-41A0-902B-BAD0D1A47E67}.Release|ARM.ActiveCfg = Release|iPhone
		{70342FEB-33E9-41A0-902B-BAD0D1A47E67}.Release|iPhone.ActiveCfg = Release|iPhone
		{70342FEB-33E9-41A0-902B-BAD0D1A47E67}.Release|iPhone.Build.0 = Release|iPhone
		{70342FEB-33E9-41A0-902B-BAD0D1A47E67}.Release|iPhoneSimulator.ActiveCfg = Release|iPhoneSimulator
		{70342FEB-33E9-41A0-902B-BAD0D1A47E67}.Release|iPhoneSimulator.Build.0 = Release|iPhoneSimulator
		{70342FEB-33E9-41A0-902B-BAD0D1A47E67}.Release|x64.ActiveCfg = Release|iPhone
		{70342FEB-33E9-41A0-902B-BAD0D1A47E67}.Release|x86.ActiveCfg = Release|iPhone
		{2C549475-D919-499E-B7D4-63B8A8BB299F}.Ad-Hoc|Any CPU.ActiveCfg = Debug|Any CPU
		{2C549475-D919-499E-B7D4-63B8A8BB299F}.Ad-Hoc|Any CPU.Build.0 = Debug|Any CPU
		{2C549475-D919-499E-B7D4-63B8A8BB299F}.Ad-Hoc|ARM.ActiveCfg = Debug|Any CPU
		{2C549475-D919-499E-B7D4-63B8A8BB299F}.Ad-Hoc|ARM.Build.0 = Debug|Any CPU
		{2C549475-D919-499E-B7D4-63B8A8BB299F}.Ad-Hoc|iPhone.ActiveCfg = Debug|Any CPU
		{2C549475-D919-499E-B7D4-63B8A8BB299F}.Ad-Hoc|iPhone.Build.0 = Debug|Any CPU
		{2C549475-D919-499E-B7D4-63B8A8BB299F}.Ad-Hoc|iPhoneSimulator.ActiveCfg = Debug|Any CPU
		{2C549475-D919-499E-B7D4-63B8A8BB299F}.Ad-Hoc|iPhoneSimulator.Build.0 = Debug|Any CPU
		{2C549475-D919-499E-B7D4-63B8A8BB299F}.Ad-Hoc|x64.ActiveCfg = Debug|Any CPU
		{2C549475-D919-499E-B7D4-63B8A8BB299F}.Ad-Hoc|x64.Build.0 = Debug|Any CPU
		{2C549475-D919-499E-B7D4-63B8A8BB299F}.Ad-Hoc|x86.ActiveCfg = Debug|Any CPU
		{2C549475-D919-499E-B7D4-63B8A8BB299F}.Ad-Hoc|x86.Build.0 = Debug|Any CPU
		{2C549475-D919-499E-B7D4-63B8A8BB299F}.AppStore|Any CPU.ActiveCfg = Debug|Any CPU
		{2C549475-D919-499E-B7D4-63B8A8BB299F}.AppStore|Any CPU.Build.0 = Debug|Any CPU
		{2C549475-D919-499E-B7D4-63B8A8BB299F}.AppStore|ARM.ActiveCfg = Debug|Any CPU
		{2C549475-D919-499E-B7D4-63B8A8BB299F}.AppStore|ARM.Build.0 = Debug|Any CPU
		{2C549475-D919-499E-B7D4-63B8A8BB299F}.AppStore|iPhone.ActiveCfg = Debug|Any CPU
		{2C549475-D919-499E-B7D4-63B8A8BB299F}.AppStore|iPhone.Build.0 = Debug|Any CPU
		{2C549475-D919-499E-B7D4-63B8A8BB299F}.AppStore|iPhoneSimulator.ActiveCfg = Debug|Any CPU
		{2C549475-D919-499E-B7D4-63B8A8BB299F}.AppStore|iPhoneSimulator.Build.0 = Debug|Any CPU
		{2C549475-D919-499E-B7D4-63B8A8BB299F}.AppStore|x64.ActiveCfg = Debug|Any CPU
		{2C549475-D919-499E-B7D4-63B8A8BB299F}.AppStore|x64.Build.0 = Debug|Any CPU
		{2C549475-D919-499E-B7D4-63B8A8BB299F}.AppStore|x86.ActiveCfg = Debug|Any CPU
		{2C549475-D919-499E-B7D4-63B8A8BB299F}.AppStore|x86.Build.0 = Debug|Any CPU
		{2C549475-D919-499E-B7D4-63B8A8BB299F}.Debug|Any CPU.ActiveCfg = Debug|Any CPU
		{2C549475-D919-499E-B7D4-63B8A8BB299F}.Debug|Any CPU.Build.0 = Debug|Any CPU
		{2C549475-D919-499E-B7D4-63B8A8BB299F}.Debug|ARM.ActiveCfg = Debug|Any CPU
		{2C549475-D919-499E-B7D4-63B8A8BB299F}.Debug|ARM.Build.0 = Debug|Any CPU
		{2C549475-D919-499E-B7D4-63B8A8BB299F}.Debug|iPhone.ActiveCfg = Debug|Any CPU
		{2C549475-D919-499E-B7D4-63B8A8BB299F}.Debug|iPhone.Build.0 = Debug|Any CPU
		{2C549475-D919-499E-B7D4-63B8A8BB299F}.Debug|iPhoneSimulator.ActiveCfg = Debug|Any CPU
		{2C549475-D919-499E-B7D4-63B8A8BB299F}.Debug|iPhoneSimulator.Build.0 = Debug|Any CPU
		{2C549475-D919-499E-B7D4-63B8A8BB299F}.Debug|x64.ActiveCfg = Debug|Any CPU
		{2C549475-D919-499E-B7D4-63B8A8BB299F}.Debug|x64.Build.0 = Debug|Any CPU
		{2C549475-D919-499E-B7D4-63B8A8BB299F}.Debug|x86.ActiveCfg = Debug|Any CPU
		{2C549475-D919-499E-B7D4-63B8A8BB299F}.Debug|x86.Build.0 = Debug|Any CPU
		{2C549475-D919-499E-B7D4-63B8A8BB299F}.Release|Any CPU.ActiveCfg = Release|Any CPU
		{2C549475-D919-499E-B7D4-63B8A8BB299F}.Release|Any CPU.Build.0 = Release|Any CPU
		{2C549475-D919-499E-B7D4-63B8A8BB299F}.Release|ARM.ActiveCfg = Release|Any CPU
		{2C549475-D919-499E-B7D4-63B8A8BB299F}.Release|ARM.Build.0 = Release|Any CPU
		{2C549475-D919-499E-B7D4-63B8A8BB299F}.Release|iPhone.ActiveCfg = Release|Any CPU
		{2C549475-D919-499E-B7D4-63B8A8BB299F}.Release|iPhone.Build.0 = Release|Any CPU
		{2C549475-D919-499E-B7D4-63B8A8BB299F}.Release|iPhoneSimulator.ActiveCfg = Release|Any CPU
		{2C549475-D919-499E-B7D4-63B8A8BB299F}.Release|iPhoneSimulator.Build.0 = Release|Any CPU
		{2C549475-D919-499E-B7D4-63B8A8BB299F}.Release|x64.ActiveCfg = Release|Any CPU
		{2C549475-D919-499E-B7D4-63B8A8BB299F}.Release|x64.Build.0 = Release|Any CPU
		{2C549475-D919-499E-B7D4-63B8A8BB299F}.Release|x86.ActiveCfg = Release|Any CPU
		{2C549475-D919-499E-B7D4-63B8A8BB299F}.Release|x86.Build.0 = Release|Any CPU
		{B5E71793-014B-4EA7-9EA6-BB24F79DD3EE}.Ad-Hoc|Any CPU.ActiveCfg = Release|Any CPU
		{B5E71793-014B-4EA7-9EA6-BB24F79DD3EE}.Ad-Hoc|Any CPU.Build.0 = Release|Any CPU
		{B5E71793-014B-4EA7-9EA6-BB24F79DD3EE}.Ad-Hoc|Any CPU.Deploy.0 = Release|Any CPU
		{B5E71793-014B-4EA7-9EA6-BB24F79DD3EE}.Ad-Hoc|ARM.ActiveCfg = Release|Any CPU
		{B5E71793-014B-4EA7-9EA6-BB24F79DD3EE}.Ad-Hoc|ARM.Build.0 = Release|Any CPU
		{B5E71793-014B-4EA7-9EA6-BB24F79DD3EE}.Ad-Hoc|ARM.Deploy.0 = Release|Any CPU
		{B5E71793-014B-4EA7-9EA6-BB24F79DD3EE}.Ad-Hoc|iPhone.ActiveCfg = Release|Any CPU
		{B5E71793-014B-4EA7-9EA6-BB24F79DD3EE}.Ad-Hoc|iPhone.Build.0 = Release|Any CPU
		{B5E71793-014B-4EA7-9EA6-BB24F79DD3EE}.Ad-Hoc|iPhone.Deploy.0 = Release|Any CPU
		{B5E71793-014B-4EA7-9EA6-BB24F79DD3EE}.Ad-Hoc|iPhoneSimulator.ActiveCfg = Release|Any CPU
		{B5E71793-014B-4EA7-9EA6-BB24F79DD3EE}.Ad-Hoc|iPhoneSimulator.Build.0 = Release|Any CPU
		{B5E71793-014B-4EA7-9EA6-BB24F79DD3EE}.Ad-Hoc|iPhoneSimulator.Deploy.0 = Release|Any CPU
		{B5E71793-014B-4EA7-9EA6-BB24F79DD3EE}.Ad-Hoc|x64.ActiveCfg = Release|Any CPU
		{B5E71793-014B-4EA7-9EA6-BB24F79DD3EE}.Ad-Hoc|x64.Build.0 = Release|Any CPU
		{B5E71793-014B-4EA7-9EA6-BB24F79DD3EE}.Ad-Hoc|x64.Deploy.0 = Release|Any CPU
		{B5E71793-014B-4EA7-9EA6-BB24F79DD3EE}.Ad-Hoc|x86.ActiveCfg = Release|Any CPU
		{B5E71793-014B-4EA7-9EA6-BB24F79DD3EE}.Ad-Hoc|x86.Build.0 = Release|Any CPU
		{B5E71793-014B-4EA7-9EA6-BB24F79DD3EE}.Ad-Hoc|x86.Deploy.0 = Release|Any CPU
		{B5E71793-014B-4EA7-9EA6-BB24F79DD3EE}.AppStore|Any CPU.ActiveCfg = Release|Any CPU
		{B5E71793-014B-4EA7-9EA6-BB24F79DD3EE}.AppStore|Any CPU.Build.0 = Release|Any CPU
		{B5E71793-014B-4EA7-9EA6-BB24F79DD3EE}.AppStore|Any CPU.Deploy.0 = Release|Any CPU
		{B5E71793-014B-4EA7-9EA6-BB24F79DD3EE}.AppStore|ARM.ActiveCfg = Release|Any CPU
		{B5E71793-014B-4EA7-9EA6-BB24F79DD3EE}.AppStore|ARM.Build.0 = Release|Any CPU
		{B5E71793-014B-4EA7-9EA6-BB24F79DD3EE}.AppStore|ARM.Deploy.0 = Release|Any CPU
		{B5E71793-014B-4EA7-9EA6-BB24F79DD3EE}.AppStore|iPhone.ActiveCfg = Release|Any CPU
		{B5E71793-014B-4EA7-9EA6-BB24F79DD3EE}.AppStore|iPhone.Build.0 = Release|Any CPU
		{B5E71793-014B-4EA7-9EA6-BB24F79DD3EE}.AppStore|iPhone.Deploy.0 = Release|Any CPU
		{B5E71793-014B-4EA7-9EA6-BB24F79DD3EE}.AppStore|iPhoneSimulator.ActiveCfg = Release|Any CPU
		{B5E71793-014B-4EA7-9EA6-BB24F79DD3EE}.AppStore|iPhoneSimulator.Build.0 = Release|Any CPU
		{B5E71793-014B-4EA7-9EA6-BB24F79DD3EE}.AppStore|iPhoneSimulator.Deploy.0 = Release|Any CPU
		{B5E71793-014B-4EA7-9EA6-BB24F79DD3EE}.AppStore|x64.ActiveCfg = Release|Any CPU
		{B5E71793-014B-4EA7-9EA6-BB24F79DD3EE}.AppStore|x64.Build.0 = Release|Any CPU
		{B5E71793-014B-4EA7-9EA6-BB24F79DD3EE}.AppStore|x64.Deploy.0 = Release|Any CPU
		{B5E71793-014B-4EA7-9EA6-BB24F79DD3EE}.AppStore|x86.ActiveCfg = Release|Any CPU
		{B5E71793-014B-4EA7-9EA6-BB24F79DD3EE}.AppStore|x86.Build.0 = Release|Any CPU
		{B5E71793-014B-4EA7-9EA6-BB24F79DD3EE}.AppStore|x86.Deploy.0 = Release|Any CPU
		{B5E71793-014B-4EA7-9EA6-BB24F79DD3EE}.Debug|Any CPU.ActiveCfg = Debug|Any CPU
		{B5E71793-014B-4EA7-9EA6-BB24F79DD3EE}.Debug|Any CPU.Build.0 = Debug|Any CPU
		{B5E71793-014B-4EA7-9EA6-BB24F79DD3EE}.Debug|Any CPU.Deploy.0 = Debug|Any CPU
		{B5E71793-014B-4EA7-9EA6-BB24F79DD3EE}.Debug|ARM.ActiveCfg = Debug|Any CPU
		{B5E71793-014B-4EA7-9EA6-BB24F79DD3EE}.Debug|ARM.Build.0 = Debug|Any CPU
		{B5E71793-014B-4EA7-9EA6-BB24F79DD3EE}.Debug|ARM.Deploy.0 = Debug|Any CPU
		{B5E71793-014B-4EA7-9EA6-BB24F79DD3EE}.Debug|iPhone.ActiveCfg = Debug|Any CPU
		{B5E71793-014B-4EA7-9EA6-BB24F79DD3EE}.Debug|iPhone.Build.0 = Debug|Any CPU
		{B5E71793-014B-4EA7-9EA6-BB24F79DD3EE}.Debug|iPhone.Deploy.0 = Debug|Any CPU
		{B5E71793-014B-4EA7-9EA6-BB24F79DD3EE}.Debug|iPhoneSimulator.ActiveCfg = Debug|Any CPU
		{B5E71793-014B-4EA7-9EA6-BB24F79DD3EE}.Debug|iPhoneSimulator.Build.0 = Debug|Any CPU
		{B5E71793-014B-4EA7-9EA6-BB24F79DD3EE}.Debug|iPhoneSimulator.Deploy.0 = Debug|Any CPU
		{B5E71793-014B-4EA7-9EA6-BB24F79DD3EE}.Debug|x64.ActiveCfg = Debug|Any CPU
		{B5E71793-014B-4EA7-9EA6-BB24F79DD3EE}.Debug|x64.Build.0 = Debug|Any CPU
		{B5E71793-014B-4EA7-9EA6-BB24F79DD3EE}.Debug|x64.Deploy.0 = Debug|Any CPU
		{B5E71793-014B-4EA7-9EA6-BB24F79DD3EE}.Debug|x86.ActiveCfg = Debug|Any CPU
		{B5E71793-014B-4EA7-9EA6-BB24F79DD3EE}.Debug|x86.Build.0 = Debug|Any CPU
		{B5E71793-014B-4EA7-9EA6-BB24F79DD3EE}.Debug|x86.Deploy.0 = Debug|Any CPU
		{B5E71793-014B-4EA7-9EA6-BB24F79DD3EE}.Release|Any CPU.ActiveCfg = Release|Any CPU
		{B5E71793-014B-4EA7-9EA6-BB24F79DD3EE}.Release|Any CPU.Build.0 = Release|Any CPU
		{B5E71793-014B-4EA7-9EA6-BB24F79DD3EE}.Release|Any CPU.Deploy.0 = Release|Any CPU
		{B5E71793-014B-4EA7-9EA6-BB24F79DD3EE}.Release|ARM.ActiveCfg = Release|Any CPU
		{B5E71793-014B-4EA7-9EA6-BB24F79DD3EE}.Release|ARM.Build.0 = Release|Any CPU
		{B5E71793-014B-4EA7-9EA6-BB24F79DD3EE}.Release|ARM.Deploy.0 = Release|Any CPU
		{B5E71793-014B-4EA7-9EA6-BB24F79DD3EE}.Release|iPhone.ActiveCfg = Release|Any CPU
		{B5E71793-014B-4EA7-9EA6-BB24F79DD3EE}.Release|iPhone.Build.0 = Release|Any CPU
		{B5E71793-014B-4EA7-9EA6-BB24F79DD3EE}.Release|iPhone.Deploy.0 = Release|Any CPU
		{B5E71793-014B-4EA7-9EA6-BB24F79DD3EE}.Release|iPhoneSimulator.ActiveCfg = Release|Any CPU
		{B5E71793-014B-4EA7-9EA6-BB24F79DD3EE}.Release|iPhoneSimulator.Build.0 = Release|Any CPU
		{B5E71793-014B-4EA7-9EA6-BB24F79DD3EE}.Release|iPhoneSimulator.Deploy.0 = Release|Any CPU
		{B5E71793-014B-4EA7-9EA6-BB24F79DD3EE}.Release|x64.ActiveCfg = Release|Any CPU
		{B5E71793-014B-4EA7-9EA6-BB24F79DD3EE}.Release|x64.Build.0 = Release|Any CPU
		{B5E71793-014B-4EA7-9EA6-BB24F79DD3EE}.Release|x64.Deploy.0 = Release|Any CPU
		{B5E71793-014B-4EA7-9EA6-BB24F79DD3EE}.Release|x86.ActiveCfg = Release|Any CPU
		{B5E71793-014B-4EA7-9EA6-BB24F79DD3EE}.Release|x86.Build.0 = Release|Any CPU
		{B5E71793-014B-4EA7-9EA6-BB24F79DD3EE}.Release|x86.Deploy.0 = Release|Any CPU
		{9E2DC15D-98AE-4126-ACB0-53E04B2D105C}.Ad-Hoc|Any CPU.ActiveCfg = Ad-Hoc|iPhone
		{9E2DC15D-98AE-4126-ACB0-53E04B2D105C}.Ad-Hoc|ARM.ActiveCfg = Ad-Hoc|iPhone
		{9E2DC15D-98AE-4126-ACB0-53E04B2D105C}.Ad-Hoc|iPhone.ActiveCfg = Ad-Hoc|iPhone
		{9E2DC15D-98AE-4126-ACB0-53E04B2D105C}.Ad-Hoc|iPhone.Build.0 = Ad-Hoc|iPhone
		{9E2DC15D-98AE-4126-ACB0-53E04B2D105C}.Ad-Hoc|iPhoneSimulator.ActiveCfg = Ad-Hoc|iPhoneSimulator
		{9E2DC15D-98AE-4126-ACB0-53E04B2D105C}.Ad-Hoc|iPhoneSimulator.Build.0 = Ad-Hoc|iPhoneSimulator
		{9E2DC15D-98AE-4126-ACB0-53E04B2D105C}.Ad-Hoc|x64.ActiveCfg = Ad-Hoc|iPhone
		{9E2DC15D-98AE-4126-ACB0-53E04B2D105C}.Ad-Hoc|x86.ActiveCfg = Ad-Hoc|iPhone
		{9E2DC15D-98AE-4126-ACB0-53E04B2D105C}.AppStore|Any CPU.ActiveCfg = AppStore|iPhone
		{9E2DC15D-98AE-4126-ACB0-53E04B2D105C}.AppStore|ARM.ActiveCfg = AppStore|iPhone
		{9E2DC15D-98AE-4126-ACB0-53E04B2D105C}.AppStore|iPhone.ActiveCfg = AppStore|iPhone
		{9E2DC15D-98AE-4126-ACB0-53E04B2D105C}.AppStore|iPhone.Build.0 = AppStore|iPhone
		{9E2DC15D-98AE-4126-ACB0-53E04B2D105C}.AppStore|iPhoneSimulator.ActiveCfg = AppStore|iPhoneSimulator
		{9E2DC15D-98AE-4126-ACB0-53E04B2D105C}.AppStore|iPhoneSimulator.Build.0 = AppStore|iPhoneSimulator
		{9E2DC15D-98AE-4126-ACB0-53E04B2D105C}.AppStore|x64.ActiveCfg = AppStore|iPhone
		{9E2DC15D-98AE-4126-ACB0-53E04B2D105C}.AppStore|x86.ActiveCfg = AppStore|iPhone
		{9E2DC15D-98AE-4126-ACB0-53E04B2D105C}.Debug|Any CPU.ActiveCfg = Debug|iPhone
		{9E2DC15D-98AE-4126-ACB0-53E04B2D105C}.Debug|ARM.ActiveCfg = Debug|iPhone
		{9E2DC15D-98AE-4126-ACB0-53E04B2D105C}.Debug|iPhone.ActiveCfg = Debug|iPhone
		{9E2DC15D-98AE-4126-ACB0-53E04B2D105C}.Debug|iPhone.Build.0 = Debug|iPhone
		{9E2DC15D-98AE-4126-ACB0-53E04B2D105C}.Debug|iPhoneSimulator.ActiveCfg = Debug|iPhoneSimulator
		{9E2DC15D-98AE-4126-ACB0-53E04B2D105C}.Debug|iPhoneSimulator.Build.0 = Debug|iPhoneSimulator
		{9E2DC15D-98AE-4126-ACB0-53E04B2D105C}.Debug|x64.ActiveCfg = Debug|iPhone
		{9E2DC15D-98AE-4126-ACB0-53E04B2D105C}.Debug|x86.ActiveCfg = Debug|iPhone
		{9E2DC15D-98AE-4126-ACB0-53E04B2D105C}.Release|Any CPU.ActiveCfg = Release|iPhone
		{9E2DC15D-98AE-4126-ACB0-53E04B2D105C}.Release|ARM.ActiveCfg = Release|iPhone
		{9E2DC15D-98AE-4126-ACB0-53E04B2D105C}.Release|iPhone.ActiveCfg = Release|iPhone
		{9E2DC15D-98AE-4126-ACB0-53E04B2D105C}.Release|iPhone.Build.0 = Release|iPhone
		{9E2DC15D-98AE-4126-ACB0-53E04B2D105C}.Release|iPhoneSimulator.ActiveCfg = Release|iPhoneSimulator
		{9E2DC15D-98AE-4126-ACB0-53E04B2D105C}.Release|iPhoneSimulator.Build.0 = Release|iPhoneSimulator
		{9E2DC15D-98AE-4126-ACB0-53E04B2D105C}.Release|x64.ActiveCfg = Release|iPhone
		{9E2DC15D-98AE-4126-ACB0-53E04B2D105C}.Release|x86.ActiveCfg = Release|iPhone
		{C9ED56A3-F75A-4396-9069-632AB6A00BE4}.Ad-Hoc|Any CPU.ActiveCfg = Debug|Any CPU
		{C9ED56A3-F75A-4396-9069-632AB6A00BE4}.Ad-Hoc|Any CPU.Build.0 = Debug|Any CPU
		{C9ED56A3-F75A-4396-9069-632AB6A00BE4}.Ad-Hoc|ARM.ActiveCfg = Debug|Any CPU
		{C9ED56A3-F75A-4396-9069-632AB6A00BE4}.Ad-Hoc|ARM.Build.0 = Debug|Any CPU
		{C9ED56A3-F75A-4396-9069-632AB6A00BE4}.Ad-Hoc|iPhone.ActiveCfg = Debug|Any CPU
		{C9ED56A3-F75A-4396-9069-632AB6A00BE4}.Ad-Hoc|iPhone.Build.0 = Debug|Any CPU
		{C9ED56A3-F75A-4396-9069-632AB6A00BE4}.Ad-Hoc|iPhoneSimulator.ActiveCfg = Debug|Any CPU
		{C9ED56A3-F75A-4396-9069-632AB6A00BE4}.Ad-Hoc|iPhoneSimulator.Build.0 = Debug|Any CPU
		{C9ED56A3-F75A-4396-9069-632AB6A00BE4}.Ad-Hoc|x64.ActiveCfg = Debug|Any CPU
		{C9ED56A3-F75A-4396-9069-632AB6A00BE4}.Ad-Hoc|x64.Build.0 = Debug|Any CPU
		{C9ED56A3-F75A-4396-9069-632AB6A00BE4}.Ad-Hoc|x86.ActiveCfg = Debug|Any CPU
		{C9ED56A3-F75A-4396-9069-632AB6A00BE4}.Ad-Hoc|x86.Build.0 = Debug|Any CPU
		{C9ED56A3-F75A-4396-9069-632AB6A00BE4}.AppStore|Any CPU.ActiveCfg = Debug|Any CPU
		{C9ED56A3-F75A-4396-9069-632AB6A00BE4}.AppStore|Any CPU.Build.0 = Debug|Any CPU
		{C9ED56A3-F75A-4396-9069-632AB6A00BE4}.AppStore|ARM.ActiveCfg = Debug|Any CPU
		{C9ED56A3-F75A-4396-9069-632AB6A00BE4}.AppStore|ARM.Build.0 = Debug|Any CPU
		{C9ED56A3-F75A-4396-9069-632AB6A00BE4}.AppStore|iPhone.ActiveCfg = Debug|Any CPU
		{C9ED56A3-F75A-4396-9069-632AB6A00BE4}.AppStore|iPhone.Build.0 = Debug|Any CPU
		{C9ED56A3-F75A-4396-9069-632AB6A00BE4}.AppStore|iPhoneSimulator.ActiveCfg = Debug|Any CPU
		{C9ED56A3-F75A-4396-9069-632AB6A00BE4}.AppStore|iPhoneSimulator.Build.0 = Debug|Any CPU
		{C9ED56A3-F75A-4396-9069-632AB6A00BE4}.AppStore|x64.ActiveCfg = Debug|Any CPU
		{C9ED56A3-F75A-4396-9069-632AB6A00BE4}.AppStore|x64.Build.0 = Debug|Any CPU
		{C9ED56A3-F75A-4396-9069-632AB6A00BE4}.AppStore|x86.ActiveCfg = Debug|Any CPU
		{C9ED56A3-F75A-4396-9069-632AB6A00BE4}.AppStore|x86.Build.0 = Debug|Any CPU
		{C9ED56A3-F75A-4396-9069-632AB6A00BE4}.Debug|Any CPU.ActiveCfg = Debug|Any CPU
		{C9ED56A3-F75A-4396-9069-632AB6A00BE4}.Debug|Any CPU.Build.0 = Debug|Any CPU
		{C9ED56A3-F75A-4396-9069-632AB6A00BE4}.Debug|ARM.ActiveCfg = Debug|Any CPU
		{C9ED56A3-F75A-4396-9069-632AB6A00BE4}.Debug|ARM.Build.0 = Debug|Any CPU
		{C9ED56A3-F75A-4396-9069-632AB6A00BE4}.Debug|iPhone.ActiveCfg = Debug|Any CPU
		{C9ED56A3-F75A-4396-9069-632AB6A00BE4}.Debug|iPhone.Build.0 = Debug|Any CPU
		{C9ED56A3-F75A-4396-9069-632AB6A00BE4}.Debug|iPhoneSimulator.ActiveCfg = Debug|Any CPU
		{C9ED56A3-F75A-4396-9069-632AB6A00BE4}.Debug|iPhoneSimulator.Build.0 = Debug|Any CPU
		{C9ED56A3-F75A-4396-9069-632AB6A00BE4}.Debug|x64.ActiveCfg = Debug|Any CPU
		{C9ED56A3-F75A-4396-9069-632AB6A00BE4}.Debug|x64.Build.0 = Debug|Any CPU
		{C9ED56A3-F75A-4396-9069-632AB6A00BE4}.Debug|x86.ActiveCfg = Debug|Any CPU
		{C9ED56A3-F75A-4396-9069-632AB6A00BE4}.Debug|x86.Build.0 = Debug|Any CPU
		{C9ED56A3-F75A-4396-9069-632AB6A00BE4}.Release|Any CPU.ActiveCfg = Release|Any CPU
		{C9ED56A3-F75A-4396-9069-632AB6A00BE4}.Release|Any CPU.Build.0 = Release|Any CPU
		{C9ED56A3-F75A-4396-9069-632AB6A00BE4}.Release|ARM.ActiveCfg = Release|Any CPU
		{C9ED56A3-F75A-4396-9069-632AB6A00BE4}.Release|ARM.Build.0 = Release|Any CPU
		{C9ED56A3-F75A-4396-9069-632AB6A00BE4}.Release|iPhone.ActiveCfg = Release|Any CPU
		{C9ED56A3-F75A-4396-9069-632AB6A00BE4}.Release|iPhone.Build.0 = Release|Any CPU
		{C9ED56A3-F75A-4396-9069-632AB6A00BE4}.Release|iPhoneSimulator.ActiveCfg = Release|Any CPU
		{C9ED56A3-F75A-4396-9069-632AB6A00BE4}.Release|iPhoneSimulator.Build.0 = Release|Any CPU
		{C9ED56A3-F75A-4396-9069-632AB6A00BE4}.Release|x64.ActiveCfg = Release|Any CPU
		{C9ED56A3-F75A-4396-9069-632AB6A00BE4}.Release|x64.Build.0 = Release|Any CPU
		{C9ED56A3-F75A-4396-9069-632AB6A00BE4}.Release|x86.ActiveCfg = Release|Any CPU
		{C9ED56A3-F75A-4396-9069-632AB6A00BE4}.Release|x86.Build.0 = Release|Any CPU
		{22169906-C9DA-46FC-9302-15488A7520EF}.Ad-Hoc|Any CPU.ActiveCfg = Release|Any CPU
		{22169906-C9DA-46FC-9302-15488A7520EF}.Ad-Hoc|Any CPU.Build.0 = Release|Any CPU
		{22169906-C9DA-46FC-9302-15488A7520EF}.Ad-Hoc|Any CPU.Deploy.0 = Release|Any CPU
		{22169906-C9DA-46FC-9302-15488A7520EF}.Ad-Hoc|ARM.ActiveCfg = Release|Any CPU
		{22169906-C9DA-46FC-9302-15488A7520EF}.Ad-Hoc|ARM.Build.0 = Release|Any CPU
		{22169906-C9DA-46FC-9302-15488A7520EF}.Ad-Hoc|ARM.Deploy.0 = Release|Any CPU
		{22169906-C9DA-46FC-9302-15488A7520EF}.Ad-Hoc|iPhone.ActiveCfg = Release|Any CPU
		{22169906-C9DA-46FC-9302-15488A7520EF}.Ad-Hoc|iPhone.Build.0 = Release|Any CPU
		{22169906-C9DA-46FC-9302-15488A7520EF}.Ad-Hoc|iPhone.Deploy.0 = Release|Any CPU
		{22169906-C9DA-46FC-9302-15488A7520EF}.Ad-Hoc|iPhoneSimulator.ActiveCfg = Release|Any CPU
		{22169906-C9DA-46FC-9302-15488A7520EF}.Ad-Hoc|iPhoneSimulator.Build.0 = Release|Any CPU
		{22169906-C9DA-46FC-9302-15488A7520EF}.Ad-Hoc|iPhoneSimulator.Deploy.0 = Release|Any CPU
		{22169906-C9DA-46FC-9302-15488A7520EF}.Ad-Hoc|x64.ActiveCfg = Release|Any CPU
		{22169906-C9DA-46FC-9302-15488A7520EF}.Ad-Hoc|x64.Build.0 = Release|Any CPU
		{22169906-C9DA-46FC-9302-15488A7520EF}.Ad-Hoc|x64.Deploy.0 = Release|Any CPU
		{22169906-C9DA-46FC-9302-15488A7520EF}.Ad-Hoc|x86.ActiveCfg = Release|Any CPU
		{22169906-C9DA-46FC-9302-15488A7520EF}.Ad-Hoc|x86.Build.0 = Release|Any CPU
		{22169906-C9DA-46FC-9302-15488A7520EF}.Ad-Hoc|x86.Deploy.0 = Release|Any CPU
		{22169906-C9DA-46FC-9302-15488A7520EF}.AppStore|Any CPU.ActiveCfg = Release|Any CPU
		{22169906-C9DA-46FC-9302-15488A7520EF}.AppStore|Any CPU.Build.0 = Release|Any CPU
		{22169906-C9DA-46FC-9302-15488A7520EF}.AppStore|Any CPU.Deploy.0 = Release|Any CPU
		{22169906-C9DA-46FC-9302-15488A7520EF}.AppStore|ARM.ActiveCfg = Release|Any CPU
		{22169906-C9DA-46FC-9302-15488A7520EF}.AppStore|ARM.Build.0 = Release|Any CPU
		{22169906-C9DA-46FC-9302-15488A7520EF}.AppStore|ARM.Deploy.0 = Release|Any CPU
		{22169906-C9DA-46FC-9302-15488A7520EF}.AppStore|iPhone.ActiveCfg = Release|Any CPU
		{22169906-C9DA-46FC-9302-15488A7520EF}.AppStore|iPhone.Build.0 = Release|Any CPU
		{22169906-C9DA-46FC-9302-15488A7520EF}.AppStore|iPhone.Deploy.0 = Release|Any CPU
		{22169906-C9DA-46FC-9302-15488A7520EF}.AppStore|iPhoneSimulator.ActiveCfg = Release|Any CPU
		{22169906-C9DA-46FC-9302-15488A7520EF}.AppStore|iPhoneSimulator.Build.0 = Release|Any CPU
		{22169906-C9DA-46FC-9302-15488A7520EF}.AppStore|iPhoneSimulator.Deploy.0 = Release|Any CPU
		{22169906-C9DA-46FC-9302-15488A7520EF}.AppStore|x64.ActiveCfg = Release|Any CPU
		{22169906-C9DA-46FC-9302-15488A7520EF}.AppStore|x64.Build.0 = Release|Any CPU
		{22169906-C9DA-46FC-9302-15488A7520EF}.AppStore|x64.Deploy.0 = Release|Any CPU
		{22169906-C9DA-46FC-9302-15488A7520EF}.AppStore|x86.ActiveCfg = Release|Any CPU
		{22169906-C9DA-46FC-9302-15488A7520EF}.AppStore|x86.Build.0 = Release|Any CPU
		{22169906-C9DA-46FC-9302-15488A7520EF}.AppStore|x86.Deploy.0 = Release|Any CPU
		{22169906-C9DA-46FC-9302-15488A7520EF}.Debug|Any CPU.ActiveCfg = Debug|Any CPU
		{22169906-C9DA-46FC-9302-15488A7520EF}.Debug|Any CPU.Build.0 = Debug|Any CPU
		{22169906-C9DA-46FC-9302-15488A7520EF}.Debug|Any CPU.Deploy.0 = Debug|Any CPU
		{22169906-C9DA-46FC-9302-15488A7520EF}.Debug|ARM.ActiveCfg = Debug|Any CPU
		{22169906-C9DA-46FC-9302-15488A7520EF}.Debug|ARM.Build.0 = Debug|Any CPU
		{22169906-C9DA-46FC-9302-15488A7520EF}.Debug|ARM.Deploy.0 = Debug|Any CPU
		{22169906-C9DA-46FC-9302-15488A7520EF}.Debug|iPhone.ActiveCfg = Debug|Any CPU
		{22169906-C9DA-46FC-9302-15488A7520EF}.Debug|iPhone.Build.0 = Debug|Any CPU
		{22169906-C9DA-46FC-9302-15488A7520EF}.Debug|iPhone.Deploy.0 = Debug|Any CPU
		{22169906-C9DA-46FC-9302-15488A7520EF}.Debug|iPhoneSimulator.ActiveCfg = Debug|Any CPU
		{22169906-C9DA-46FC-9302-15488A7520EF}.Debug|iPhoneSimulator.Build.0 = Debug|Any CPU
		{22169906-C9DA-46FC-9302-15488A7520EF}.Debug|iPhoneSimulator.Deploy.0 = Debug|Any CPU
		{22169906-C9DA-46FC-9302-15488A7520EF}.Debug|x64.ActiveCfg = Debug|Any CPU
		{22169906-C9DA-46FC-9302-15488A7520EF}.Debug|x64.Build.0 = Debug|Any CPU
		{22169906-C9DA-46FC-9302-15488A7520EF}.Debug|x64.Deploy.0 = Debug|Any CPU
		{22169906-C9DA-46FC-9302-15488A7520EF}.Debug|x86.ActiveCfg = Debug|Any CPU
		{22169906-C9DA-46FC-9302-15488A7520EF}.Debug|x86.Build.0 = Debug|Any CPU
		{22169906-C9DA-46FC-9302-15488A7520EF}.Debug|x86.Deploy.0 = Debug|Any CPU
		{22169906-C9DA-46FC-9302-15488A7520EF}.Release|Any CPU.ActiveCfg = Release|Any CPU
		{22169906-C9DA-46FC-9302-15488A7520EF}.Release|Any CPU.Build.0 = Release|Any CPU
		{22169906-C9DA-46FC-9302-15488A7520EF}.Release|Any CPU.Deploy.0 = Release|Any CPU
		{22169906-C9DA-46FC-9302-15488A7520EF}.Release|ARM.ActiveCfg = Release|Any CPU
		{22169906-C9DA-46FC-9302-15488A7520EF}.Release|ARM.Build.0 = Release|Any CPU
		{22169906-C9DA-46FC-9302-15488A7520EF}.Release|ARM.Deploy.0 = Release|Any CPU
		{22169906-C9DA-46FC-9302-15488A7520EF}.Release|iPhone.ActiveCfg = Release|Any CPU
		{22169906-C9DA-46FC-9302-15488A7520EF}.Release|iPhone.Build.0 = Release|Any CPU
		{22169906-C9DA-46FC-9302-15488A7520EF}.Release|iPhone.Deploy.0 = Release|Any CPU
		{22169906-C9DA-46FC-9302-15488A7520EF}.Release|iPhoneSimulator.ActiveCfg = Release|Any CPU
		{22169906-C9DA-46FC-9302-15488A7520EF}.Release|iPhoneSimulator.Build.0 = Release|Any CPU
		{22169906-C9DA-46FC-9302-15488A7520EF}.Release|iPhoneSimulator.Deploy.0 = Release|Any CPU
		{22169906-C9DA-46FC-9302-15488A7520EF}.Release|x64.ActiveCfg = Release|Any CPU
		{22169906-C9DA-46FC-9302-15488A7520EF}.Release|x64.Build.0 = Release|Any CPU
		{22169906-C9DA-46FC-9302-15488A7520EF}.Release|x64.Deploy.0 = Release|Any CPU
		{22169906-C9DA-46FC-9302-15488A7520EF}.Release|x86.ActiveCfg = Release|Any CPU
		{22169906-C9DA-46FC-9302-15488A7520EF}.Release|x86.Build.0 = Release|Any CPU
		{22169906-C9DA-46FC-9302-15488A7520EF}.Release|x86.Deploy.0 = Release|Any CPU
		{C7A4B9AD-4551-4607-AA41-675CEC60293A}.Ad-Hoc|Any CPU.ActiveCfg = Ad-Hoc|iPhone
		{C7A4B9AD-4551-4607-AA41-675CEC60293A}.Ad-Hoc|ARM.ActiveCfg = Ad-Hoc|iPhone
		{C7A4B9AD-4551-4607-AA41-675CEC60293A}.Ad-Hoc|iPhone.ActiveCfg = Ad-Hoc|iPhone
		{C7A4B9AD-4551-4607-AA41-675CEC60293A}.Ad-Hoc|iPhone.Build.0 = Ad-Hoc|iPhone
		{C7A4B9AD-4551-4607-AA41-675CEC60293A}.Ad-Hoc|iPhoneSimulator.ActiveCfg = Ad-Hoc|iPhoneSimulator
		{C7A4B9AD-4551-4607-AA41-675CEC60293A}.Ad-Hoc|iPhoneSimulator.Build.0 = Ad-Hoc|iPhoneSimulator
		{C7A4B9AD-4551-4607-AA41-675CEC60293A}.Ad-Hoc|x64.ActiveCfg = Ad-Hoc|iPhone
		{C7A4B9AD-4551-4607-AA41-675CEC60293A}.Ad-Hoc|x86.ActiveCfg = Ad-Hoc|iPhone
		{C7A4B9AD-4551-4607-AA41-675CEC60293A}.AppStore|Any CPU.ActiveCfg = AppStore|iPhone
		{C7A4B9AD-4551-4607-AA41-675CEC60293A}.AppStore|ARM.ActiveCfg = AppStore|iPhone
		{C7A4B9AD-4551-4607-AA41-675CEC60293A}.AppStore|iPhone.ActiveCfg = AppStore|iPhone
		{C7A4B9AD-4551-4607-AA41-675CEC60293A}.AppStore|iPhone.Build.0 = AppStore|iPhone
		{C7A4B9AD-4551-4607-AA41-675CEC60293A}.AppStore|iPhoneSimulator.ActiveCfg = AppStore|iPhoneSimulator
		{C7A4B9AD-4551-4607-AA41-675CEC60293A}.AppStore|iPhoneSimulator.Build.0 = AppStore|iPhoneSimulator
		{C7A4B9AD-4551-4607-AA41-675CEC60293A}.AppStore|x64.ActiveCfg = AppStore|iPhone
		{C7A4B9AD-4551-4607-AA41-675CEC60293A}.AppStore|x86.ActiveCfg = AppStore|iPhone
		{C7A4B9AD-4551-4607-AA41-675CEC60293A}.Debug|Any CPU.ActiveCfg = Debug|iPhone
		{C7A4B9AD-4551-4607-AA41-675CEC60293A}.Debug|ARM.ActiveCfg = Debug|iPhone
		{C7A4B9AD-4551-4607-AA41-675CEC60293A}.Debug|iPhone.ActiveCfg = Debug|iPhone
		{C7A4B9AD-4551-4607-AA41-675CEC60293A}.Debug|iPhone.Build.0 = Debug|iPhone
		{C7A4B9AD-4551-4607-AA41-675CEC60293A}.Debug|iPhoneSimulator.ActiveCfg = Debug|iPhoneSimulator
		{C7A4B9AD-4551-4607-AA41-675CEC60293A}.Debug|iPhoneSimulator.Build.0 = Debug|iPhoneSimulator
		{C7A4B9AD-4551-4607-AA41-675CEC60293A}.Debug|x64.ActiveCfg = Debug|iPhone
		{C7A4B9AD-4551-4607-AA41-675CEC60293A}.Debug|x86.ActiveCfg = Debug|iPhone
		{C7A4B9AD-4551-4607-AA41-675CEC60293A}.Release|Any CPU.ActiveCfg = Release|iPhone
		{C7A4B9AD-4551-4607-AA41-675CEC60293A}.Release|ARM.ActiveCfg = Release|iPhone
		{C7A4B9AD-4551-4607-AA41-675CEC60293A}.Release|iPhone.ActiveCfg = Release|iPhone
		{C7A4B9AD-4551-4607-AA41-675CEC60293A}.Release|iPhone.Build.0 = Release|iPhone
		{C7A4B9AD-4551-4607-AA41-675CEC60293A}.Release|iPhoneSimulator.ActiveCfg = Release|iPhoneSimulator
		{C7A4B9AD-4551-4607-AA41-675CEC60293A}.Release|iPhoneSimulator.Build.0 = Release|iPhoneSimulator
		{C7A4B9AD-4551-4607-AA41-675CEC60293A}.Release|x64.ActiveCfg = Release|iPhone
		{C7A4B9AD-4551-4607-AA41-675CEC60293A}.Release|x86.ActiveCfg = Release|iPhone
		{8801448E-421C-4083-B178-0EE6AD7E922A}.Ad-Hoc|Any CPU.ActiveCfg = Debug|Any CPU
		{8801448E-421C-4083-B178-0EE6AD7E922A}.Ad-Hoc|Any CPU.Build.0 = Debug|Any CPU
		{8801448E-421C-4083-B178-0EE6AD7E922A}.Ad-Hoc|ARM.ActiveCfg = Debug|Any CPU
		{8801448E-421C-4083-B178-0EE6AD7E922A}.Ad-Hoc|ARM.Build.0 = Debug|Any CPU
		{8801448E-421C-4083-B178-0EE6AD7E922A}.Ad-Hoc|iPhone.ActiveCfg = Debug|Any CPU
		{8801448E-421C-4083-B178-0EE6AD7E922A}.Ad-Hoc|iPhone.Build.0 = Debug|Any CPU
		{8801448E-421C-4083-B178-0EE6AD7E922A}.Ad-Hoc|iPhoneSimulator.ActiveCfg = Debug|Any CPU
		{8801448E-421C-4083-B178-0EE6AD7E922A}.Ad-Hoc|iPhoneSimulator.Build.0 = Debug|Any CPU
		{8801448E-421C-4083-B178-0EE6AD7E922A}.Ad-Hoc|x64.ActiveCfg = Debug|Any CPU
		{8801448E-421C-4083-B178-0EE6AD7E922A}.Ad-Hoc|x64.Build.0 = Debug|Any CPU
		{8801448E-421C-4083-B178-0EE6AD7E922A}.Ad-Hoc|x86.ActiveCfg = Debug|Any CPU
		{8801448E-421C-4083-B178-0EE6AD7E922A}.Ad-Hoc|x86.Build.0 = Debug|Any CPU
		{8801448E-421C-4083-B178-0EE6AD7E922A}.AppStore|Any CPU.ActiveCfg = Debug|Any CPU
		{8801448E-421C-4083-B178-0EE6AD7E922A}.AppStore|Any CPU.Build.0 = Debug|Any CPU
		{8801448E-421C-4083-B178-0EE6AD7E922A}.AppStore|ARM.ActiveCfg = Debug|Any CPU
		{8801448E-421C-4083-B178-0EE6AD7E922A}.AppStore|ARM.Build.0 = Debug|Any CPU
		{8801448E-421C-4083-B178-0EE6AD7E922A}.AppStore|iPhone.ActiveCfg = Debug|Any CPU
		{8801448E-421C-4083-B178-0EE6AD7E922A}.AppStore|iPhone.Build.0 = Debug|Any CPU
		{8801448E-421C-4083-B178-0EE6AD7E922A}.AppStore|iPhoneSimulator.ActiveCfg = Debug|Any CPU
		{8801448E-421C-4083-B178-0EE6AD7E922A}.AppStore|iPhoneSimulator.Build.0 = Debug|Any CPU
		{8801448E-421C-4083-B178-0EE6AD7E922A}.AppStore|x64.ActiveCfg = Debug|Any CPU
		{8801448E-421C-4083-B178-0EE6AD7E922A}.AppStore|x64.Build.0 = Debug|Any CPU
		{8801448E-421C-4083-B178-0EE6AD7E922A}.AppStore|x86.ActiveCfg = Debug|Any CPU
		{8801448E-421C-4083-B178-0EE6AD7E922A}.AppStore|x86.Build.0 = Debug|Any CPU
		{8801448E-421C-4083-B178-0EE6AD7E922A}.Debug|Any CPU.ActiveCfg = Debug|Any CPU
		{8801448E-421C-4083-B178-0EE6AD7E922A}.Debug|Any CPU.Build.0 = Debug|Any CPU
		{8801448E-421C-4083-B178-0EE6AD7E922A}.Debug|ARM.ActiveCfg = Debug|Any CPU
		{8801448E-421C-4083-B178-0EE6AD7E922A}.Debug|ARM.Build.0 = Debug|Any CPU
		{8801448E-421C-4083-B178-0EE6AD7E922A}.Debug|iPhone.ActiveCfg = Debug|Any CPU
		{8801448E-421C-4083-B178-0EE6AD7E922A}.Debug|iPhone.Build.0 = Debug|Any CPU
		{8801448E-421C-4083-B178-0EE6AD7E922A}.Debug|iPhoneSimulator.ActiveCfg = Debug|Any CPU
		{8801448E-421C-4083-B178-0EE6AD7E922A}.Debug|iPhoneSimulator.Build.0 = Debug|Any CPU
		{8801448E-421C-4083-B178-0EE6AD7E922A}.Debug|x64.ActiveCfg = Debug|Any CPU
		{8801448E-421C-4083-B178-0EE6AD7E922A}.Debug|x64.Build.0 = Debug|Any CPU
		{8801448E-421C-4083-B178-0EE6AD7E922A}.Debug|x86.ActiveCfg = Debug|Any CPU
		{8801448E-421C-4083-B178-0EE6AD7E922A}.Debug|x86.Build.0 = Debug|Any CPU
		{8801448E-421C-4083-B178-0EE6AD7E922A}.Release|Any CPU.ActiveCfg = Release|Any CPU
		{8801448E-421C-4083-B178-0EE6AD7E922A}.Release|Any CPU.Build.0 = Release|Any CPU
		{8801448E-421C-4083-B178-0EE6AD7E922A}.Release|ARM.ActiveCfg = Release|Any CPU
		{8801448E-421C-4083-B178-0EE6AD7E922A}.Release|ARM.Build.0 = Release|Any CPU
		{8801448E-421C-4083-B178-0EE6AD7E922A}.Release|iPhone.ActiveCfg = Release|Any CPU
		{8801448E-421C-4083-B178-0EE6AD7E922A}.Release|iPhone.Build.0 = Release|Any CPU
		{8801448E-421C-4083-B178-0EE6AD7E922A}.Release|iPhoneSimulator.ActiveCfg = Release|Any CPU
		{8801448E-421C-4083-B178-0EE6AD7E922A}.Release|iPhoneSimulator.Build.0 = Release|Any CPU
		{8801448E-421C-4083-B178-0EE6AD7E922A}.Release|x64.ActiveCfg = Release|Any CPU
		{8801448E-421C-4083-B178-0EE6AD7E922A}.Release|x64.Build.0 = Release|Any CPU
		{8801448E-421C-4083-B178-0EE6AD7E922A}.Release|x86.ActiveCfg = Release|Any CPU
		{8801448E-421C-4083-B178-0EE6AD7E922A}.Release|x86.Build.0 = Release|Any CPU
		{BFF26078-5ABC-4D84-9166-4CF18EE5C280}.Ad-Hoc|Any CPU.ActiveCfg = Release|Any CPU
		{BFF26078-5ABC-4D84-9166-4CF18EE5C280}.Ad-Hoc|Any CPU.Build.0 = Release|Any CPU
		{BFF26078-5ABC-4D84-9166-4CF18EE5C280}.Ad-Hoc|Any CPU.Deploy.0 = Release|Any CPU
		{BFF26078-5ABC-4D84-9166-4CF18EE5C280}.Ad-Hoc|ARM.ActiveCfg = Release|Any CPU
		{BFF26078-5ABC-4D84-9166-4CF18EE5C280}.Ad-Hoc|ARM.Build.0 = Release|Any CPU
		{BFF26078-5ABC-4D84-9166-4CF18EE5C280}.Ad-Hoc|ARM.Deploy.0 = Release|Any CPU
		{BFF26078-5ABC-4D84-9166-4CF18EE5C280}.Ad-Hoc|iPhone.ActiveCfg = Release|Any CPU
		{BFF26078-5ABC-4D84-9166-4CF18EE5C280}.Ad-Hoc|iPhone.Build.0 = Release|Any CPU
		{BFF26078-5ABC-4D84-9166-4CF18EE5C280}.Ad-Hoc|iPhone.Deploy.0 = Release|Any CPU
		{BFF26078-5ABC-4D84-9166-4CF18EE5C280}.Ad-Hoc|iPhoneSimulator.ActiveCfg = Release|Any CPU
		{BFF26078-5ABC-4D84-9166-4CF18EE5C280}.Ad-Hoc|iPhoneSimulator.Build.0 = Release|Any CPU
		{BFF26078-5ABC-4D84-9166-4CF18EE5C280}.Ad-Hoc|iPhoneSimulator.Deploy.0 = Release|Any CPU
		{BFF26078-5ABC-4D84-9166-4CF18EE5C280}.Ad-Hoc|x64.ActiveCfg = Release|Any CPU
		{BFF26078-5ABC-4D84-9166-4CF18EE5C280}.Ad-Hoc|x64.Build.0 = Release|Any CPU
		{BFF26078-5ABC-4D84-9166-4CF18EE5C280}.Ad-Hoc|x64.Deploy.0 = Release|Any CPU
		{BFF26078-5ABC-4D84-9166-4CF18EE5C280}.Ad-Hoc|x86.ActiveCfg = Release|Any CPU
		{BFF26078-5ABC-4D84-9166-4CF18EE5C280}.Ad-Hoc|x86.Build.0 = Release|Any CPU
		{BFF26078-5ABC-4D84-9166-4CF18EE5C280}.Ad-Hoc|x86.Deploy.0 = Release|Any CPU
		{BFF26078-5ABC-4D84-9166-4CF18EE5C280}.AppStore|Any CPU.ActiveCfg = Release|Any CPU
		{BFF26078-5ABC-4D84-9166-4CF18EE5C280}.AppStore|Any CPU.Build.0 = Release|Any CPU
		{BFF26078-5ABC-4D84-9166-4CF18EE5C280}.AppStore|Any CPU.Deploy.0 = Release|Any CPU
		{BFF26078-5ABC-4D84-9166-4CF18EE5C280}.AppStore|ARM.ActiveCfg = Release|Any CPU
		{BFF26078-5ABC-4D84-9166-4CF18EE5C280}.AppStore|ARM.Build.0 = Release|Any CPU
		{BFF26078-5ABC-4D84-9166-4CF18EE5C280}.AppStore|ARM.Deploy.0 = Release|Any CPU
		{BFF26078-5ABC-4D84-9166-4CF18EE5C280}.AppStore|iPhone.ActiveCfg = Release|Any CPU
		{BFF26078-5ABC-4D84-9166-4CF18EE5C280}.AppStore|iPhone.Build.0 = Release|Any CPU
		{BFF26078-5ABC-4D84-9166-4CF18EE5C280}.AppStore|iPhone.Deploy.0 = Release|Any CPU
		{BFF26078-5ABC-4D84-9166-4CF18EE5C280}.AppStore|iPhoneSimulator.ActiveCfg = Release|Any CPU
		{BFF26078-5ABC-4D84-9166-4CF18EE5C280}.AppStore|iPhoneSimulator.Build.0 = Release|Any CPU
		{BFF26078-5ABC-4D84-9166-4CF18EE5C280}.AppStore|iPhoneSimulator.Deploy.0 = Release|Any CPU
		{BFF26078-5ABC-4D84-9166-4CF18EE5C280}.AppStore|x64.ActiveCfg = Release|Any CPU
		{BFF26078-5ABC-4D84-9166-4CF18EE5C280}.AppStore|x64.Build.0 = Release|Any CPU
		{BFF26078-5ABC-4D84-9166-4CF18EE5C280}.AppStore|x64.Deploy.0 = Release|Any CPU
		{BFF26078-5ABC-4D84-9166-4CF18EE5C280}.AppStore|x86.ActiveCfg = Release|Any CPU
		{BFF26078-5ABC-4D84-9166-4CF18EE5C280}.AppStore|x86.Build.0 = Release|Any CPU
		{BFF26078-5ABC-4D84-9166-4CF18EE5C280}.AppStore|x86.Deploy.0 = Release|Any CPU
		{BFF26078-5ABC-4D84-9166-4CF18EE5C280}.Debug|Any CPU.ActiveCfg = Debug|Any CPU
		{BFF26078-5ABC-4D84-9166-4CF18EE5C280}.Debug|Any CPU.Build.0 = Debug|Any CPU
		{BFF26078-5ABC-4D84-9166-4CF18EE5C280}.Debug|Any CPU.Deploy.0 = Debug|Any CPU
		{BFF26078-5ABC-4D84-9166-4CF18EE5C280}.Debug|ARM.ActiveCfg = Debug|Any CPU
		{BFF26078-5ABC-4D84-9166-4CF18EE5C280}.Debug|ARM.Build.0 = Debug|Any CPU
		{BFF26078-5ABC-4D84-9166-4CF18EE5C280}.Debug|ARM.Deploy.0 = Debug|Any CPU
		{BFF26078-5ABC-4D84-9166-4CF18EE5C280}.Debug|iPhone.ActiveCfg = Debug|Any CPU
		{BFF26078-5ABC-4D84-9166-4CF18EE5C280}.Debug|iPhone.Build.0 = Debug|Any CPU
		{BFF26078-5ABC-4D84-9166-4CF18EE5C280}.Debug|iPhone.Deploy.0 = Debug|Any CPU
		{BFF26078-5ABC-4D84-9166-4CF18EE5C280}.Debug|iPhoneSimulator.ActiveCfg = Debug|Any CPU
		{BFF26078-5ABC-4D84-9166-4CF18EE5C280}.Debug|iPhoneSimulator.Build.0 = Debug|Any CPU
		{BFF26078-5ABC-4D84-9166-4CF18EE5C280}.Debug|iPhoneSimulator.Deploy.0 = Debug|Any CPU
		{BFF26078-5ABC-4D84-9166-4CF18EE5C280}.Debug|x64.ActiveCfg = Debug|Any CPU
		{BFF26078-5ABC-4D84-9166-4CF18EE5C280}.Debug|x64.Build.0 = Debug|Any CPU
		{BFF26078-5ABC-4D84-9166-4CF18EE5C280}.Debug|x64.Deploy.0 = Debug|Any CPU
		{BFF26078-5ABC-4D84-9166-4CF18EE5C280}.Debug|x86.ActiveCfg = Debug|Any CPU
		{BFF26078-5ABC-4D84-9166-4CF18EE5C280}.Debug|x86.Build.0 = Debug|Any CPU
		{BFF26078-5ABC-4D84-9166-4CF18EE5C280}.Debug|x86.Deploy.0 = Debug|Any CPU
		{BFF26078-5ABC-4D84-9166-4CF18EE5C280}.Release|Any CPU.ActiveCfg = Release|Any CPU
		{BFF26078-5ABC-4D84-9166-4CF18EE5C280}.Release|Any CPU.Build.0 = Release|Any CPU
		{BFF26078-5ABC-4D84-9166-4CF18EE5C280}.Release|Any CPU.Deploy.0 = Release|Any CPU
		{BFF26078-5ABC-4D84-9166-4CF18EE5C280}.Release|ARM.ActiveCfg = Release|Any CPU
		{BFF26078-5ABC-4D84-9166-4CF18EE5C280}.Release|ARM.Build.0 = Release|Any CPU
		{BFF26078-5ABC-4D84-9166-4CF18EE5C280}.Release|ARM.Deploy.0 = Release|Any CPU
		{BFF26078-5ABC-4D84-9166-4CF18EE5C280}.Release|iPhone.ActiveCfg = Release|Any CPU
		{BFF26078-5ABC-4D84-9166-4CF18EE5C280}.Release|iPhone.Build.0 = Release|Any CPU
		{BFF26078-5ABC-4D84-9166-4CF18EE5C280}.Release|iPhone.Deploy.0 = Release|Any CPU
		{BFF26078-5ABC-4D84-9166-4CF18EE5C280}.Release|iPhoneSimulator.ActiveCfg = Release|Any CPU
		{BFF26078-5ABC-4D84-9166-4CF18EE5C280}.Release|iPhoneSimulator.Build.0 = Release|Any CPU
		{BFF26078-5ABC-4D84-9166-4CF18EE5C280}.Release|iPhoneSimulator.Deploy.0 = Release|Any CPU
		{BFF26078-5ABC-4D84-9166-4CF18EE5C280}.Release|x64.ActiveCfg = Release|Any CPU
		{BFF26078-5ABC-4D84-9166-4CF18EE5C280}.Release|x64.Build.0 = Release|Any CPU
		{BFF26078-5ABC-4D84-9166-4CF18EE5C280}.Release|x64.Deploy.0 = Release|Any CPU
		{BFF26078-5ABC-4D84-9166-4CF18EE5C280}.Release|x86.ActiveCfg = Release|Any CPU
		{BFF26078-5ABC-4D84-9166-4CF18EE5C280}.Release|x86.Build.0 = Release|Any CPU
		{BFF26078-5ABC-4D84-9166-4CF18EE5C280}.Release|x86.Deploy.0 = Release|Any CPU
		{3E6F41F2-2D6C-4703-8D80-D3831E611FC1}.Ad-Hoc|Any CPU.ActiveCfg = Ad-Hoc|iPhone
		{3E6F41F2-2D6C-4703-8D80-D3831E611FC1}.Ad-Hoc|ARM.ActiveCfg = Ad-Hoc|iPhone
		{3E6F41F2-2D6C-4703-8D80-D3831E611FC1}.Ad-Hoc|iPhone.ActiveCfg = Ad-Hoc|iPhone
		{3E6F41F2-2D6C-4703-8D80-D3831E611FC1}.Ad-Hoc|iPhone.Build.0 = Ad-Hoc|iPhone
		{3E6F41F2-2D6C-4703-8D80-D3831E611FC1}.Ad-Hoc|iPhoneSimulator.ActiveCfg = Ad-Hoc|iPhoneSimulator
		{3E6F41F2-2D6C-4703-8D80-D3831E611FC1}.Ad-Hoc|iPhoneSimulator.Build.0 = Ad-Hoc|iPhoneSimulator
		{3E6F41F2-2D6C-4703-8D80-D3831E611FC1}.Ad-Hoc|x64.ActiveCfg = Ad-Hoc|iPhone
		{3E6F41F2-2D6C-4703-8D80-D3831E611FC1}.Ad-Hoc|x86.ActiveCfg = Ad-Hoc|iPhone
		{3E6F41F2-2D6C-4703-8D80-D3831E611FC1}.AppStore|Any CPU.ActiveCfg = AppStore|iPhone
		{3E6F41F2-2D6C-4703-8D80-D3831E611FC1}.AppStore|ARM.ActiveCfg = AppStore|iPhone
		{3E6F41F2-2D6C-4703-8D80-D3831E611FC1}.AppStore|iPhone.ActiveCfg = AppStore|iPhone
		{3E6F41F2-2D6C-4703-8D80-D3831E611FC1}.AppStore|iPhone.Build.0 = AppStore|iPhone
		{3E6F41F2-2D6C-4703-8D80-D3831E611FC1}.AppStore|iPhoneSimulator.ActiveCfg = AppStore|iPhoneSimulator
		{3E6F41F2-2D6C-4703-8D80-D3831E611FC1}.AppStore|iPhoneSimulator.Build.0 = AppStore|iPhoneSimulator
		{3E6F41F2-2D6C-4703-8D80-D3831E611FC1}.AppStore|x64.ActiveCfg = AppStore|iPhone
		{3E6F41F2-2D6C-4703-8D80-D3831E611FC1}.AppStore|x86.ActiveCfg = AppStore|iPhone
		{3E6F41F2-2D6C-4703-8D80-D3831E611FC1}.Debug|Any CPU.ActiveCfg = Debug|iPhone
		{3E6F41F2-2D6C-4703-8D80-D3831E611FC1}.Debug|ARM.ActiveCfg = Debug|iPhone
		{3E6F41F2-2D6C-4703-8D80-D3831E611FC1}.Debug|iPhone.ActiveCfg = Debug|iPhone
		{3E6F41F2-2D6C-4703-8D80-D3831E611FC1}.Debug|iPhone.Build.0 = Debug|iPhone
		{3E6F41F2-2D6C-4703-8D80-D3831E611FC1}.Debug|iPhoneSimulator.ActiveCfg = Debug|iPhoneSimulator
		{3E6F41F2-2D6C-4703-8D80-D3831E611FC1}.Debug|iPhoneSimulator.Build.0 = Debug|iPhoneSimulator
		{3E6F41F2-2D6C-4703-8D80-D3831E611FC1}.Debug|x64.ActiveCfg = Debug|iPhone
		{3E6F41F2-2D6C-4703-8D80-D3831E611FC1}.Debug|x86.ActiveCfg = Debug|iPhone
		{3E6F41F2-2D6C-4703-8D80-D3831E611FC1}.Release|Any CPU.ActiveCfg = Release|iPhone
		{3E6F41F2-2D6C-4703-8D80-D3831E611FC1}.Release|ARM.ActiveCfg = Release|iPhone
		{3E6F41F2-2D6C-4703-8D80-D3831E611FC1}.Release|iPhone.ActiveCfg = Release|iPhone
		{3E6F41F2-2D6C-4703-8D80-D3831E611FC1}.Release|iPhone.Build.0 = Release|iPhone
		{3E6F41F2-2D6C-4703-8D80-D3831E611FC1}.Release|iPhoneSimulator.ActiveCfg = Release|iPhoneSimulator
		{3E6F41F2-2D6C-4703-8D80-D3831E611FC1}.Release|iPhoneSimulator.Build.0 = Release|iPhoneSimulator
		{3E6F41F2-2D6C-4703-8D80-D3831E611FC1}.Release|x64.ActiveCfg = Release|iPhone
		{3E6F41F2-2D6C-4703-8D80-D3831E611FC1}.Release|x86.ActiveCfg = Release|iPhone
		{EBFC0C12-0429-4D3D-B250-E758C06A669B}.Ad-Hoc|Any CPU.ActiveCfg = Debug|Any CPU
		{EBFC0C12-0429-4D3D-B250-E758C06A669B}.Ad-Hoc|Any CPU.Build.0 = Debug|Any CPU
		{EBFC0C12-0429-4D3D-B250-E758C06A669B}.Ad-Hoc|ARM.ActiveCfg = Debug|Any CPU
		{EBFC0C12-0429-4D3D-B250-E758C06A669B}.Ad-Hoc|ARM.Build.0 = Debug|Any CPU
		{EBFC0C12-0429-4D3D-B250-E758C06A669B}.Ad-Hoc|iPhone.ActiveCfg = Debug|Any CPU
		{EBFC0C12-0429-4D3D-B250-E758C06A669B}.Ad-Hoc|iPhone.Build.0 = Debug|Any CPU
		{EBFC0C12-0429-4D3D-B250-E758C06A669B}.Ad-Hoc|iPhoneSimulator.ActiveCfg = Debug|Any CPU
		{EBFC0C12-0429-4D3D-B250-E758C06A669B}.Ad-Hoc|iPhoneSimulator.Build.0 = Debug|Any CPU
		{EBFC0C12-0429-4D3D-B250-E758C06A669B}.Ad-Hoc|x64.ActiveCfg = Debug|Any CPU
		{EBFC0C12-0429-4D3D-B250-E758C06A669B}.Ad-Hoc|x64.Build.0 = Debug|Any CPU
		{EBFC0C12-0429-4D3D-B250-E758C06A669B}.Ad-Hoc|x86.ActiveCfg = Debug|Any CPU
		{EBFC0C12-0429-4D3D-B250-E758C06A669B}.Ad-Hoc|x86.Build.0 = Debug|Any CPU
		{EBFC0C12-0429-4D3D-B250-E758C06A669B}.AppStore|Any CPU.ActiveCfg = Debug|Any CPU
		{EBFC0C12-0429-4D3D-B250-E758C06A669B}.AppStore|Any CPU.Build.0 = Debug|Any CPU
		{EBFC0C12-0429-4D3D-B250-E758C06A669B}.AppStore|ARM.ActiveCfg = Debug|Any CPU
		{EBFC0C12-0429-4D3D-B250-E758C06A669B}.AppStore|ARM.Build.0 = Debug|Any CPU
		{EBFC0C12-0429-4D3D-B250-E758C06A669B}.AppStore|iPhone.ActiveCfg = Debug|Any CPU
		{EBFC0C12-0429-4D3D-B250-E758C06A669B}.AppStore|iPhone.Build.0 = Debug|Any CPU
		{EBFC0C12-0429-4D3D-B250-E758C06A669B}.AppStore|iPhoneSimulator.ActiveCfg = Debug|Any CPU
		{EBFC0C12-0429-4D3D-B250-E758C06A669B}.AppStore|iPhoneSimulator.Build.0 = Debug|Any CPU
		{EBFC0C12-0429-4D3D-B250-E758C06A669B}.AppStore|x64.ActiveCfg = Debug|Any CPU
		{EBFC0C12-0429-4D3D-B250-E758C06A669B}.AppStore|x64.Build.0 = Debug|Any CPU
		{EBFC0C12-0429-4D3D-B250-E758C06A669B}.AppStore|x86.ActiveCfg = Debug|Any CPU
		{EBFC0C12-0429-4D3D-B250-E758C06A669B}.AppStore|x86.Build.0 = Debug|Any CPU
		{EBFC0C12-0429-4D3D-B250-E758C06A669B}.Debug|Any CPU.ActiveCfg = Debug|Any CPU
		{EBFC0C12-0429-4D3D-B250-E758C06A669B}.Debug|Any CPU.Build.0 = Debug|Any CPU
		{EBFC0C12-0429-4D3D-B250-E758C06A669B}.Debug|ARM.ActiveCfg = Debug|Any CPU
		{EBFC0C12-0429-4D3D-B250-E758C06A669B}.Debug|ARM.Build.0 = Debug|Any CPU
		{EBFC0C12-0429-4D3D-B250-E758C06A669B}.Debug|iPhone.ActiveCfg = Debug|Any CPU
		{EBFC0C12-0429-4D3D-B250-E758C06A669B}.Debug|iPhone.Build.0 = Debug|Any CPU
		{EBFC0C12-0429-4D3D-B250-E758C06A669B}.Debug|iPhoneSimulator.ActiveCfg = Debug|Any CPU
		{EBFC0C12-0429-4D3D-B250-E758C06A669B}.Debug|iPhoneSimulator.Build.0 = Debug|Any CPU
		{EBFC0C12-0429-4D3D-B250-E758C06A669B}.Debug|x64.ActiveCfg = Debug|Any CPU
		{EBFC0C12-0429-4D3D-B250-E758C06A669B}.Debug|x64.Build.0 = Debug|Any CPU
		{EBFC0C12-0429-4D3D-B250-E758C06A669B}.Debug|x86.ActiveCfg = Debug|Any CPU
		{EBFC0C12-0429-4D3D-B250-E758C06A669B}.Debug|x86.Build.0 = Debug|Any CPU
		{EBFC0C12-0429-4D3D-B250-E758C06A669B}.Release|Any CPU.ActiveCfg = Release|Any CPU
		{EBFC0C12-0429-4D3D-B250-E758C06A669B}.Release|Any CPU.Build.0 = Release|Any CPU
		{EBFC0C12-0429-4D3D-B250-E758C06A669B}.Release|ARM.ActiveCfg = Release|Any CPU
		{EBFC0C12-0429-4D3D-B250-E758C06A669B}.Release|ARM.Build.0 = Release|Any CPU
		{EBFC0C12-0429-4D3D-B250-E758C06A669B}.Release|iPhone.ActiveCfg = Release|Any CPU
		{EBFC0C12-0429-4D3D-B250-E758C06A669B}.Release|iPhone.Build.0 = Release|Any CPU
		{EBFC0C12-0429-4D3D-B250-E758C06A669B}.Release|iPhoneSimulator.ActiveCfg = Release|Any CPU
		{EBFC0C12-0429-4D3D-B250-E758C06A669B}.Release|iPhoneSimulator.Build.0 = Release|Any CPU
		{EBFC0C12-0429-4D3D-B250-E758C06A669B}.Release|x64.ActiveCfg = Release|Any CPU
		{EBFC0C12-0429-4D3D-B250-E758C06A669B}.Release|x64.Build.0 = Release|Any CPU
		{EBFC0C12-0429-4D3D-B250-E758C06A669B}.Release|x86.ActiveCfg = Release|Any CPU
		{EBFC0C12-0429-4D3D-B250-E758C06A669B}.Release|x86.Build.0 = Release|Any CPU
		{521980D6-C707-4607-80B0-CD0400E04B16}.Ad-Hoc|Any CPU.ActiveCfg = Release|Any CPU
		{521980D6-C707-4607-80B0-CD0400E04B16}.Ad-Hoc|Any CPU.Build.0 = Release|Any CPU
		{521980D6-C707-4607-80B0-CD0400E04B16}.Ad-Hoc|Any CPU.Deploy.0 = Release|Any CPU
		{521980D6-C707-4607-80B0-CD0400E04B16}.Ad-Hoc|ARM.ActiveCfg = Release|Any CPU
		{521980D6-C707-4607-80B0-CD0400E04B16}.Ad-Hoc|ARM.Build.0 = Release|Any CPU
		{521980D6-C707-4607-80B0-CD0400E04B16}.Ad-Hoc|ARM.Deploy.0 = Release|Any CPU
		{521980D6-C707-4607-80B0-CD0400E04B16}.Ad-Hoc|iPhone.ActiveCfg = Release|Any CPU
		{521980D6-C707-4607-80B0-CD0400E04B16}.Ad-Hoc|iPhone.Build.0 = Release|Any CPU
		{521980D6-C707-4607-80B0-CD0400E04B16}.Ad-Hoc|iPhone.Deploy.0 = Release|Any CPU
		{521980D6-C707-4607-80B0-CD0400E04B16}.Ad-Hoc|iPhoneSimulator.ActiveCfg = Release|Any CPU
		{521980D6-C707-4607-80B0-CD0400E04B16}.Ad-Hoc|iPhoneSimulator.Build.0 = Release|Any CPU
		{521980D6-C707-4607-80B0-CD0400E04B16}.Ad-Hoc|iPhoneSimulator.Deploy.0 = Release|Any CPU
		{521980D6-C707-4607-80B0-CD0400E04B16}.Ad-Hoc|x64.ActiveCfg = Release|Any CPU
		{521980D6-C707-4607-80B0-CD0400E04B16}.Ad-Hoc|x64.Build.0 = Release|Any CPU
		{521980D6-C707-4607-80B0-CD0400E04B16}.Ad-Hoc|x64.Deploy.0 = Release|Any CPU
		{521980D6-C707-4607-80B0-CD0400E04B16}.Ad-Hoc|x86.ActiveCfg = Release|Any CPU
		{521980D6-C707-4607-80B0-CD0400E04B16}.Ad-Hoc|x86.Build.0 = Release|Any CPU
		{521980D6-C707-4607-80B0-CD0400E04B16}.Ad-Hoc|x86.Deploy.0 = Release|Any CPU
		{521980D6-C707-4607-80B0-CD0400E04B16}.AppStore|Any CPU.ActiveCfg = Release|Any CPU
		{521980D6-C707-4607-80B0-CD0400E04B16}.AppStore|Any CPU.Build.0 = Release|Any CPU
		{521980D6-C707-4607-80B0-CD0400E04B16}.AppStore|Any CPU.Deploy.0 = Release|Any CPU
		{521980D6-C707-4607-80B0-CD0400E04B16}.AppStore|ARM.ActiveCfg = Release|Any CPU
		{521980D6-C707-4607-80B0-CD0400E04B16}.AppStore|ARM.Build.0 = Release|Any CPU
		{521980D6-C707-4607-80B0-CD0400E04B16}.AppStore|ARM.Deploy.0 = Release|Any CPU
		{521980D6-C707-4607-80B0-CD0400E04B16}.AppStore|iPhone.ActiveCfg = Release|Any CPU
		{521980D6-C707-4607-80B0-CD0400E04B16}.AppStore|iPhone.Build.0 = Release|Any CPU
		{521980D6-C707-4607-80B0-CD0400E04B16}.AppStore|iPhone.Deploy.0 = Release|Any CPU
		{521980D6-C707-4607-80B0-CD0400E04B16}.AppStore|iPhoneSimulator.ActiveCfg = Release|Any CPU
		{521980D6-C707-4607-80B0-CD0400E04B16}.AppStore|iPhoneSimulator.Build.0 = Release|Any CPU
		{521980D6-C707-4607-80B0-CD0400E04B16}.AppStore|iPhoneSimulator.Deploy.0 = Release|Any CPU
		{521980D6-C707-4607-80B0-CD0400E04B16}.AppStore|x64.ActiveCfg = Release|Any CPU
		{521980D6-C707-4607-80B0-CD0400E04B16}.AppStore|x64.Build.0 = Release|Any CPU
		{521980D6-C707-4607-80B0-CD0400E04B16}.AppStore|x64.Deploy.0 = Release|Any CPU
		{521980D6-C707-4607-80B0-CD0400E04B16}.AppStore|x86.ActiveCfg = Release|Any CPU
		{521980D6-C707-4607-80B0-CD0400E04B16}.AppStore|x86.Build.0 = Release|Any CPU
		{521980D6-C707-4607-80B0-CD0400E04B16}.AppStore|x86.Deploy.0 = Release|Any CPU
		{521980D6-C707-4607-80B0-CD0400E04B16}.Debug|Any CPU.ActiveCfg = Debug|Any CPU
		{521980D6-C707-4607-80B0-CD0400E04B16}.Debug|Any CPU.Build.0 = Debug|Any CPU
		{521980D6-C707-4607-80B0-CD0400E04B16}.Debug|Any CPU.Deploy.0 = Debug|Any CPU
		{521980D6-C707-4607-80B0-CD0400E04B16}.Debug|ARM.ActiveCfg = Debug|Any CPU
		{521980D6-C707-4607-80B0-CD0400E04B16}.Debug|ARM.Build.0 = Debug|Any CPU
		{521980D6-C707-4607-80B0-CD0400E04B16}.Debug|ARM.Deploy.0 = Debug|Any CPU
		{521980D6-C707-4607-80B0-CD0400E04B16}.Debug|iPhone.ActiveCfg = Debug|Any CPU
		{521980D6-C707-4607-80B0-CD0400E04B16}.Debug|iPhone.Build.0 = Debug|Any CPU
		{521980D6-C707-4607-80B0-CD0400E04B16}.Debug|iPhone.Deploy.0 = Debug|Any CPU
		{521980D6-C707-4607-80B0-CD0400E04B16}.Debug|iPhoneSimulator.ActiveCfg = Debug|Any CPU
		{521980D6-C707-4607-80B0-CD0400E04B16}.Debug|iPhoneSimulator.Build.0 = Debug|Any CPU
		{521980D6-C707-4607-80B0-CD0400E04B16}.Debug|iPhoneSimulator.Deploy.0 = Debug|Any CPU
		{521980D6-C707-4607-80B0-CD0400E04B16}.Debug|x64.ActiveCfg = Debug|Any CPU
		{521980D6-C707-4607-80B0-CD0400E04B16}.Debug|x64.Build.0 = Debug|Any CPU
		{521980D6-C707-4607-80B0-CD0400E04B16}.Debug|x64.Deploy.0 = Debug|Any CPU
		{521980D6-C707-4607-80B0-CD0400E04B16}.Debug|x86.ActiveCfg = Debug|Any CPU
		{521980D6-C707-4607-80B0-CD0400E04B16}.Debug|x86.Build.0 = Debug|Any CPU
		{521980D6-C707-4607-80B0-CD0400E04B16}.Debug|x86.Deploy.0 = Debug|Any CPU
		{521980D6-C707-4607-80B0-CD0400E04B16}.Release|Any CPU.ActiveCfg = Release|Any CPU
		{521980D6-C707-4607-80B0-CD0400E04B16}.Release|Any CPU.Build.0 = Release|Any CPU
		{521980D6-C707-4607-80B0-CD0400E04B16}.Release|Any CPU.Deploy.0 = Release|Any CPU
		{521980D6-C707-4607-80B0-CD0400E04B16}.Release|ARM.ActiveCfg = Release|Any CPU
		{521980D6-C707-4607-80B0-CD0400E04B16}.Release|ARM.Build.0 = Release|Any CPU
		{521980D6-C707-4607-80B0-CD0400E04B16}.Release|ARM.Deploy.0 = Release|Any CPU
		{521980D6-C707-4607-80B0-CD0400E04B16}.Release|iPhone.ActiveCfg = Release|Any CPU
		{521980D6-C707-4607-80B0-CD0400E04B16}.Release|iPhone.Build.0 = Release|Any CPU
		{521980D6-C707-4607-80B0-CD0400E04B16}.Release|iPhone.Deploy.0 = Release|Any CPU
		{521980D6-C707-4607-80B0-CD0400E04B16}.Release|iPhoneSimulator.ActiveCfg = Release|Any CPU
		{521980D6-C707-4607-80B0-CD0400E04B16}.Release|iPhoneSimulator.Build.0 = Release|Any CPU
		{521980D6-C707-4607-80B0-CD0400E04B16}.Release|iPhoneSimulator.Deploy.0 = Release|Any CPU
		{521980D6-C707-4607-80B0-CD0400E04B16}.Release|x64.ActiveCfg = Release|Any CPU
		{521980D6-C707-4607-80B0-CD0400E04B16}.Release|x64.Build.0 = Release|Any CPU
		{521980D6-C707-4607-80B0-CD0400E04B16}.Release|x64.Deploy.0 = Release|Any CPU
		{521980D6-C707-4607-80B0-CD0400E04B16}.Release|x86.ActiveCfg = Release|Any CPU
		{521980D6-C707-4607-80B0-CD0400E04B16}.Release|x86.Build.0 = Release|Any CPU
		{521980D6-C707-4607-80B0-CD0400E04B16}.Release|x86.Deploy.0 = Release|Any CPU
		{155F8164-F719-4495-BE42-8B8042EE8E10}.Ad-Hoc|Any CPU.ActiveCfg = Ad-Hoc|iPhone
		{155F8164-F719-4495-BE42-8B8042EE8E10}.Ad-Hoc|ARM.ActiveCfg = Ad-Hoc|iPhone
		{155F8164-F719-4495-BE42-8B8042EE8E10}.Ad-Hoc|iPhone.ActiveCfg = Ad-Hoc|iPhone
		{155F8164-F719-4495-BE42-8B8042EE8E10}.Ad-Hoc|iPhone.Build.0 = Ad-Hoc|iPhone
		{155F8164-F719-4495-BE42-8B8042EE8E10}.Ad-Hoc|iPhoneSimulator.ActiveCfg = Ad-Hoc|iPhoneSimulator
		{155F8164-F719-4495-BE42-8B8042EE8E10}.Ad-Hoc|iPhoneSimulator.Build.0 = Ad-Hoc|iPhoneSimulator
		{155F8164-F719-4495-BE42-8B8042EE8E10}.Ad-Hoc|x64.ActiveCfg = Ad-Hoc|iPhone
		{155F8164-F719-4495-BE42-8B8042EE8E10}.Ad-Hoc|x86.ActiveCfg = Ad-Hoc|iPhone
		{155F8164-F719-4495-BE42-8B8042EE8E10}.AppStore|Any CPU.ActiveCfg = AppStore|iPhone
		{155F8164-F719-4495-BE42-8B8042EE8E10}.AppStore|ARM.ActiveCfg = AppStore|iPhone
		{155F8164-F719-4495-BE42-8B8042EE8E10}.AppStore|iPhone.ActiveCfg = AppStore|iPhone
		{155F8164-F719-4495-BE42-8B8042EE8E10}.AppStore|iPhone.Build.0 = AppStore|iPhone
		{155F8164-F719-4495-BE42-8B8042EE8E10}.AppStore|iPhoneSimulator.ActiveCfg = AppStore|iPhoneSimulator
		{155F8164-F719-4495-BE42-8B8042EE8E10}.AppStore|iPhoneSimulator.Build.0 = AppStore|iPhoneSimulator
		{155F8164-F719-4495-BE42-8B8042EE8E10}.AppStore|x64.ActiveCfg = AppStore|iPhone
		{155F8164-F719-4495-BE42-8B8042EE8E10}.AppStore|x86.ActiveCfg = AppStore|iPhone
		{155F8164-F719-4495-BE42-8B8042EE8E10}.Debug|Any CPU.ActiveCfg = Debug|iPhone
		{155F8164-F719-4495-BE42-8B8042EE8E10}.Debug|ARM.ActiveCfg = Debug|iPhone
		{155F8164-F719-4495-BE42-8B8042EE8E10}.Debug|iPhone.ActiveCfg = Debug|iPhone
		{155F8164-F719-4495-BE42-8B8042EE8E10}.Debug|iPhone.Build.0 = Debug|iPhone
		{155F8164-F719-4495-BE42-8B8042EE8E10}.Debug|iPhoneSimulator.ActiveCfg = Debug|iPhoneSimulator
		{155F8164-F719-4495-BE42-8B8042EE8E10}.Debug|iPhoneSimulator.Build.0 = Debug|iPhoneSimulator
		{155F8164-F719-4495-BE42-8B8042EE8E10}.Debug|x64.ActiveCfg = Debug|iPhone
		{155F8164-F719-4495-BE42-8B8042EE8E10}.Debug|x86.ActiveCfg = Debug|iPhone
		{155F8164-F719-4495-BE42-8B8042EE8E10}.Release|Any CPU.ActiveCfg = Release|iPhone
		{155F8164-F719-4495-BE42-8B8042EE8E10}.Release|ARM.ActiveCfg = Release|iPhone
		{155F8164-F719-4495-BE42-8B8042EE8E10}.Release|iPhone.ActiveCfg = Release|iPhone
		{155F8164-F719-4495-BE42-8B8042EE8E10}.Release|iPhone.Build.0 = Release|iPhone
		{155F8164-F719-4495-BE42-8B8042EE8E10}.Release|iPhoneSimulator.ActiveCfg = Release|iPhoneSimulator
		{155F8164-F719-4495-BE42-8B8042EE8E10}.Release|iPhoneSimulator.Build.0 = Release|iPhoneSimulator
		{155F8164-F719-4495-BE42-8B8042EE8E10}.Release|x64.ActiveCfg = Release|iPhone
		{155F8164-F719-4495-BE42-8B8042EE8E10}.Release|x86.ActiveCfg = Release|iPhone
		{82177DD6-8E40-4C38-95DD-F3FC672BE542}.Ad-Hoc|Any CPU.ActiveCfg = Debug|Any CPU
		{82177DD6-8E40-4C38-95DD-F3FC672BE542}.Ad-Hoc|Any CPU.Build.0 = Debug|Any CPU
		{82177DD6-8E40-4C38-95DD-F3FC672BE542}.Ad-Hoc|ARM.ActiveCfg = Debug|Any CPU
		{82177DD6-8E40-4C38-95DD-F3FC672BE542}.Ad-Hoc|ARM.Build.0 = Debug|Any CPU
		{82177DD6-8E40-4C38-95DD-F3FC672BE542}.Ad-Hoc|iPhone.ActiveCfg = Debug|Any CPU
		{82177DD6-8E40-4C38-95DD-F3FC672BE542}.Ad-Hoc|iPhone.Build.0 = Debug|Any CPU
		{82177DD6-8E40-4C38-95DD-F3FC672BE542}.Ad-Hoc|iPhoneSimulator.ActiveCfg = Debug|Any CPU
		{82177DD6-8E40-4C38-95DD-F3FC672BE542}.Ad-Hoc|iPhoneSimulator.Build.0 = Debug|Any CPU
		{82177DD6-8E40-4C38-95DD-F3FC672BE542}.Ad-Hoc|x64.ActiveCfg = Debug|Any CPU
		{82177DD6-8E40-4C38-95DD-F3FC672BE542}.Ad-Hoc|x64.Build.0 = Debug|Any CPU
		{82177DD6-8E40-4C38-95DD-F3FC672BE542}.Ad-Hoc|x86.ActiveCfg = Debug|Any CPU
		{82177DD6-8E40-4C38-95DD-F3FC672BE542}.Ad-Hoc|x86.Build.0 = Debug|Any CPU
		{82177DD6-8E40-4C38-95DD-F3FC672BE542}.AppStore|Any CPU.ActiveCfg = Debug|Any CPU
		{82177DD6-8E40-4C38-95DD-F3FC672BE542}.AppStore|Any CPU.Build.0 = Debug|Any CPU
		{82177DD6-8E40-4C38-95DD-F3FC672BE542}.AppStore|ARM.ActiveCfg = Debug|Any CPU
		{82177DD6-8E40-4C38-95DD-F3FC672BE542}.AppStore|ARM.Build.0 = Debug|Any CPU
		{82177DD6-8E40-4C38-95DD-F3FC672BE542}.AppStore|iPhone.ActiveCfg = Debug|Any CPU
		{82177DD6-8E40-4C38-95DD-F3FC672BE542}.AppStore|iPhone.Build.0 = Debug|Any CPU
		{82177DD6-8E40-4C38-95DD-F3FC672BE542}.AppStore|iPhoneSimulator.ActiveCfg = Debug|Any CPU
		{82177DD6-8E40-4C38-95DD-F3FC672BE542}.AppStore|iPhoneSimulator.Build.0 = Debug|Any CPU
		{82177DD6-8E40-4C38-95DD-F3FC672BE542}.AppStore|x64.ActiveCfg = Debug|Any CPU
		{82177DD6-8E40-4C38-95DD-F3FC672BE542}.AppStore|x64.Build.0 = Debug|Any CPU
		{82177DD6-8E40-4C38-95DD-F3FC672BE542}.AppStore|x86.ActiveCfg = Debug|Any CPU
		{82177DD6-8E40-4C38-95DD-F3FC672BE542}.AppStore|x86.Build.0 = Debug|Any CPU
		{82177DD6-8E40-4C38-95DD-F3FC672BE542}.Debug|Any CPU.ActiveCfg = Debug|Any CPU
		{82177DD6-8E40-4C38-95DD-F3FC672BE542}.Debug|Any CPU.Build.0 = Debug|Any CPU
		{82177DD6-8E40-4C38-95DD-F3FC672BE542}.Debug|ARM.ActiveCfg = Debug|Any CPU
		{82177DD6-8E40-4C38-95DD-F3FC672BE542}.Debug|ARM.Build.0 = Debug|Any CPU
		{82177DD6-8E40-4C38-95DD-F3FC672BE542}.Debug|iPhone.ActiveCfg = Debug|Any CPU
		{82177DD6-8E40-4C38-95DD-F3FC672BE542}.Debug|iPhone.Build.0 = Debug|Any CPU
		{82177DD6-8E40-4C38-95DD-F3FC672BE542}.Debug|iPhoneSimulator.ActiveCfg = Debug|Any CPU
		{82177DD6-8E40-4C38-95DD-F3FC672BE542}.Debug|iPhoneSimulator.Build.0 = Debug|Any CPU
		{82177DD6-8E40-4C38-95DD-F3FC672BE542}.Debug|x64.ActiveCfg = Debug|Any CPU
		{82177DD6-8E40-4C38-95DD-F3FC672BE542}.Debug|x64.Build.0 = Debug|Any CPU
		{82177DD6-8E40-4C38-95DD-F3FC672BE542}.Debug|x86.ActiveCfg = Debug|Any CPU
		{82177DD6-8E40-4C38-95DD-F3FC672BE542}.Debug|x86.Build.0 = Debug|Any CPU
		{82177DD6-8E40-4C38-95DD-F3FC672BE542}.Release|Any CPU.ActiveCfg = Release|Any CPU
		{82177DD6-8E40-4C38-95DD-F3FC672BE542}.Release|Any CPU.Build.0 = Release|Any CPU
		{82177DD6-8E40-4C38-95DD-F3FC672BE542}.Release|ARM.ActiveCfg = Release|Any CPU
		{82177DD6-8E40-4C38-95DD-F3FC672BE542}.Release|ARM.Build.0 = Release|Any CPU
		{82177DD6-8E40-4C38-95DD-F3FC672BE542}.Release|iPhone.ActiveCfg = Release|Any CPU
		{82177DD6-8E40-4C38-95DD-F3FC672BE542}.Release|iPhone.Build.0 = Release|Any CPU
		{82177DD6-8E40-4C38-95DD-F3FC672BE542}.Release|iPhoneSimulator.ActiveCfg = Release|Any CPU
		{82177DD6-8E40-4C38-95DD-F3FC672BE542}.Release|iPhoneSimulator.Build.0 = Release|Any CPU
		{82177DD6-8E40-4C38-95DD-F3FC672BE542}.Release|x64.ActiveCfg = Release|Any CPU
		{82177DD6-8E40-4C38-95DD-F3FC672BE542}.Release|x64.Build.0 = Release|Any CPU
		{82177DD6-8E40-4C38-95DD-F3FC672BE542}.Release|x86.ActiveCfg = Release|Any CPU
		{82177DD6-8E40-4C38-95DD-F3FC672BE542}.Release|x86.Build.0 = Release|Any CPU
	EndGlobalSection
	GlobalSection(SolutionProperties) = preSolution
		HideSolutionNode = FALSE
	EndGlobalSection
	GlobalSection(ExtensibilityGlobals) = postSolution
		SolutionGuid = {098B525B-297B-4181-9A0A-2E76C8CE564B}
	EndGlobalSection
EndGlobal
